// !$*UTF8*$!
{
	archiveVersion = 1;
	classes = {
	};
	objectVersion = 56;
	objects = {

/* Begin PBXBuildFile section */
		CC24CCC4297B289500278328 /* ExpenseTrackerApp.swift in Sources */ = {isa = PBXBuildFile; fileRef = CC24CCC3297B289500278328 /* ExpenseTrackerApp.swift */; };
		CC24CCC6297B289500278328 /* ContentView.swift in Sources */ = {isa = PBXBuildFile; fileRef = CC24CCC5297B289500278328 /* ContentView.swift */; };
		CC24CCC8297B289700278328 /* Assets.xcassets in Resources */ = {isa = PBXBuildFile; fileRef = CC24CCC7297B289700278328 /* Assets.xcassets */; };
		CC24CCCB297B289700278328 /* Preview Assets.xcassets in Resources */ = {isa = PBXBuildFile; fileRef = CC24CCCA297B289700278328 /* Preview Assets.xcassets */; };
		CC24CCD2297B2A4E00278328 /* Extensions.swift in Sources */ = {isa = PBXBuildFile; fileRef = CC24CCD1297B2A4E00278328 /* Extensions.swift */; };
		CC24CCD4297B2CF800278328 /* TransactionModel.swift in Sources */ = {isa = PBXBuildFile; fileRef = CC24CCD3297B2CF800278328 /* TransactionModel.swift */; };
		CC24CCD6297B2E1B00278328 /* PreviewData.swift in Sources */ = {isa = PBXBuildFile; fileRef = CC24CCD5297B2E1B00278328 /* PreviewData.swift */; };
		CC24CCD8297B2ECC00278328 /* TransactionRow.swift in Sources */ = {isa = PBXBuildFile; fileRef = CC24CCD7297B2ECC00278328 /* TransactionRow.swift */; };
		CC24CCDD297B330100278328 /* TransactionListViewModel.swift in Sources */ = {isa = PBXBuildFile; fileRef = CC24CCDC297B330100278328 /* TransactionListViewModel.swift */; };
		CC24CCE1297B3AA000278328 /* RecentTransactionList.swift in Sources */ = {isa = PBXBuildFile; fileRef = CC24CCE0297B3AA000278328 /* RecentTransactionList.swift */; };
		CC24CCE3297B44AB00278328 /* TransactionList.swift in Sources */ = {isa = PBXBuildFile; fileRef = CC24CCE2297B44AB00278328 /* TransactionList.swift */; };
		CC24CCEA297B4AD500278328 /* Collections in Frameworks */ = {isa = PBXBuildFile; productRef = CC24CCE9297B4AD500278328 /* Collections */; };
		CC24CCED297B4AE400278328 /* SwiftUIFontIcon in Frameworks */ = {isa = PBXBuildFile; productRef = CC24CCEC297B4AE400278328 /* SwiftUIFontIcon */; };
		CC24CD01297B557500278328 /* SwiftUICharts in Frameworks */ = {isa = PBXBuildFile; productRef = CC24CD00297B557500278328 /* SwiftUICharts */; };
/* End PBXBuildFile section */

/* Begin PBXFileReference section */
		CC24CCC0297B289500278328 /* ExpenseTracker.app */ = {isa = PBXFileReference; explicitFileType = wrapper.application; includeInIndex = 0; path = ExpenseTracker.app; sourceTree = BUILT_PRODUCTS_DIR; };
		CC24CCC3297B289500278328 /* ExpenseTrackerApp.swift */ = {isa = PBXFileReference; lastKnownFileType = sourcecode.swift; path = ExpenseTrackerApp.swift; sourceTree = "<group>"; };
		CC24CCC5297B289500278328 /* ContentView.swift */ = {isa = PBXFileReference; lastKnownFileType = sourcecode.swift; path = ContentView.swift; sourceTree = "<group>"; };
		CC24CCC7297B289700278328 /* Assets.xcassets */ = {isa = PBXFileReference; lastKnownFileType = folder.assetcatalog; path = Assets.xcassets; sourceTree = "<group>"; };
		CC24CCCA297B289700278328 /* Preview Assets.xcassets */ = {isa = PBXFileReference; lastKnownFileType = folder.assetcatalog; path = "Preview Assets.xcassets"; sourceTree = "<group>"; };
		CC24CCD1297B2A4E00278328 /* Extensions.swift */ = {isa = PBXFileReference; lastKnownFileType = sourcecode.swift; path = Extensions.swift; sourceTree = "<group>"; };
		CC24CCD3297B2CF800278328 /* TransactionModel.swift */ = {isa = PBXFileReference; lastKnownFileType = sourcecode.swift; path = TransactionModel.swift; sourceTree = "<group>"; };
		CC24CCD5297B2E1B00278328 /* PreviewData.swift */ = {isa = PBXFileReference; lastKnownFileType = sourcecode.swift; path = PreviewData.swift; sourceTree = "<group>"; };
		CC24CCD7297B2ECC00278328 /* TransactionRow.swift */ = {isa = PBXFileReference; lastKnownFileType = sourcecode.swift; path = TransactionRow.swift; sourceTree = "<group>"; };
		CC24CCDC297B330100278328 /* TransactionListViewModel.swift */ = {isa = PBXFileReference; lastKnownFileType = sourcecode.swift; path = TransactionListViewModel.swift; sourceTree = "<group>"; };
		CC24CCE0297B3AA000278328 /* RecentTransactionList.swift */ = {isa = PBXFileReference; lastKnownFileType = sourcecode.swift; path = RecentTransactionList.swift; sourceTree = "<group>"; };
		CC24CCE2297B44AB00278328 /* TransactionList.swift */ = {isa = PBXFileReference; lastKnownFileType = sourcecode.swift; path = TransactionList.swift; sourceTree = "<group>"; };
		CC24CCFF297B556E00278328 /* ChartView */ = {isa = PBXFileReference; lastKnownFileType = wrapper; path = ChartView; sourceTree = "<group>"; };
/* End PBXFileReference section */

/* Begin PBXFrameworksBuildPhase section */
		CC24CCBD297B289500278328 /* Frameworks */ = {
			isa = PBXFrameworksBuildPhase;
			buildActionMask = 2147483647;
			files = (
				CC24CD01297B557500278328 /* SwiftUICharts in Frameworks */,
				CC24CCED297B4AE400278328 /* SwiftUIFontIcon in Frameworks */,
				CC24CCEA297B4AD500278328 /* Collections in Frameworks */,
			);
			runOnlyForDeploymentPostprocessing = 0;
		};
/* End PBXFrameworksBuildPhase section */

/* Begin PBXGroup section */
		CC24CCB7297B289400278328 = {
			isa = PBXGroup;
			children = (
				CC24CCC2297B289500278328 /* ExpenseTracker */,
				CC24CCC1297B289500278328 /* Products */,
				CC24CCFC297B53A100278328 /* Frameworks */,
			);
			sourceTree = "<group>";
		};
		CC24CCC1297B289500278328 /* Products */ = {
			isa = PBXGroup;
			children = (
				CC24CCC0297B289500278328 /* ExpenseTracker.app */,
			);
			name = Products;
			sourceTree = "<group>";
		};
		CC24CCC2297B289500278328 /* ExpenseTracker */ = {
			isa = PBXGroup;
			children = (
				CC24CCC3297B289500278328 /* ExpenseTrackerApp.swift */,
				CC24CCC5297B289500278328 /* ContentView.swift */,
				CC24CCE0297B3AA000278328 /* RecentTransactionList.swift */,
				CC24CCE2297B44AB00278328 /* TransactionList.swift */,
				CC24CCD7297B2ECC00278328 /* TransactionRow.swift */,
				CC24CCDC297B330100278328 /* TransactionListViewModel.swift */,
				CC24CCD3297B2CF800278328 /* TransactionModel.swift */,
				CC24CCD1297B2A4E00278328 /* Extensions.swift */,
				CC24CCC7297B289700278328 /* Assets.xcassets */,
				CC24CCC9297B289700278328 /* Preview Content */,
			);
			path = ExpenseTracker;
			sourceTree = "<group>";
		};
		CC24CCC9297B289700278328 /* Preview Content */ = {
			isa = PBXGroup;
			children = (
				CC24CCCA297B289700278328 /* Preview Assets.xcassets */,
				CC24CCD5297B2E1B00278328 /* PreviewData.swift */,
			);
			path = "Preview Content";
			sourceTree = "<group>";
		};
		CC24CCFC297B53A100278328 /* Frameworks */ = {
			isa = PBXGroup;
			children = (
				CC24CCFF297B556E00278328 /* ChartView */,
			);
			name = Frameworks;
			sourceTree = "<group>";
		};
/* End PBXGroup section */

/* Begin PBXNativeTarget section */
		CC24CCBF297B289500278328 /* ExpenseTracker */ = {
			isa = PBXNativeTarget;
			buildConfigurationList = CC24CCCE297B289700278328 /* Build configuration list for PBXNativeTarget "ExpenseTracker" */;
			buildPhases = (
				CC24CCBC297B289500278328 /* Sources */,
				CC24CCBD297B289500278328 /* Frameworks */,
				CC24CCBE297B289500278328 /* Resources */,
			);
			buildRules = (
			);
			dependencies = (
			);
			name = ExpenseTracker;
			packageProductDependencies = (
				CC24CCE9297B4AD500278328 /* Collections */,
				CC24CCEC297B4AE400278328 /* SwiftUIFontIcon */,
				CC24CD00297B557500278328 /* SwiftUICharts */,
			);
			productName = ExpenseTracker;
			productReference = CC24CCC0297B289500278328 /* ExpenseTracker.app */;
			productType = "com.apple.product-type.application";
		};
/* End PBXNativeTarget section */

/* Begin PBXProject section */
		CC24CCB8297B289400278328 /* Project object */ = {
			isa = PBXProject;
			attributes = {
				BuildIndependentTargetsInParallel = 1;
				LastSwiftUpdateCheck = 1420;
				LastUpgradeCheck = 1420;
				TargetAttributes = {
					CC24CCBF297B289500278328 = {
						CreatedOnToolsVersion = 14.2;
					};
				};
			};
			buildConfigurationList = CC24CCBB297B289400278328 /* Build configuration list for PBXProject "ExpenseTracker" */;
			compatibilityVersion = "Xcode 14.0";
			developmentRegion = en;
			hasScannedForEncodings = 0;
			knownRegions = (
				en,
				Base,
			);
			mainGroup = CC24CCB7297B289400278328;
			packageReferences = (
				CC24CCE8297B4AD500278328 /* XCRemoteSwiftPackageReference "swift-collections" */,
				CC24CCEB297B4AE400278328 /* XCRemoteSwiftPackageReference "SwiftUIFontIcon" */,
			);
			productRefGroup = CC24CCC1297B289500278328 /* Products */;
			projectDirPath = "";
			projectRoot = "";
			targets = (
				CC24CCBF297B289500278328 /* ExpenseTracker */,
			);
		};
/* End PBXProject section */

/* Begin PBXResourcesBuildPhase section */
		CC24CCBE297B289500278328 /* Resources */ = {
			isa = PBXResourcesBuildPhase;
			buildActionMask = 2147483647;
			files = (
				CC24CCCB297B289700278328 /* Preview Assets.xcassets in Resources */,
				CC24CCC8297B289700278328 /* Assets.xcassets in Resources */,
			);
			runOnlyForDeploymentPostprocessing = 0;
		};
/* End PBXResourcesBuildPhase section */

/* Begin PBXSourcesBuildPhase section */
		CC24CCBC297B289500278328 /* Sources */ = {
			isa = PBXSourcesBuildPhase;
			buildActionMask = 2147483647;
			files = (
				CC24CCD6297B2E1B00278328 /* PreviewData.swift in Sources */,
				CC24CCE3297B44AB00278328 /* TransactionList.swift in Sources */,
				CC24CCE1297B3AA000278328 /* RecentTransactionList.swift in Sources */,
				CC24CCD4297B2CF800278328 /* TransactionModel.swift in Sources */,
				CC24CCC6297B289500278328 /* ContentView.swift in Sources */,
				CC24CCD8297B2ECC00278328 /* TransactionRow.swift in Sources */,
				CC24CCD2297B2A4E00278328 /* Extensions.swift in Sources */,
				CC24CCDD297B330100278328 /* TransactionListViewModel.swift in Sources */,
				CC24CCC4297B289500278328 /* ExpenseTrackerApp.swift in Sources */,
			);
			runOnlyForDeploymentPostprocessing = 0;
		};
/* End PBXSourcesBuildPhase section */

/* Begin XCBuildConfiguration section */
		CC24CCCC297B289700278328 /* Debug */ = {
			isa = XCBuildConfiguration;
			buildSettings = {
				ALWAYS_SEARCH_USER_PATHS = NO;
				CLANG_ANALYZER_NONNULL = YES;
				CLANG_ANALYZER_NUMBER_OBJECT_CONVERSION = YES_AGGRESSIVE;
				CLANG_CXX_LANGUAGE_STANDARD = "gnu++20";
				CLANG_ENABLE_MODULES = YES;
				CLANG_ENABLE_OBJC_ARC = YES;
				CLANG_ENABLE_OBJC_WEAK = YES;
				CLANG_WARN_BLOCK_CAPTURE_AUTORELEASING = YES;
				CLANG_WARN_BOOL_CONVERSION = YES;
				CLANG_WARN_COMMA = YES;
				CLANG_WARN_CONSTANT_CONVERSION = YES;
				CLANG_WARN_DEPRECATED_OBJC_IMPLEMENTATIONS = YES;
				CLANG_WARN_DIRECT_OBJC_ISA_USAGE = YES_ERROR;
				CLANG_WARN_DOCUMENTATION_COMMENTS = YES;
				CLANG_WARN_EMPTY_BODY = YES;
				CLANG_WARN_ENUM_CONVERSION = YES;
				CLANG_WARN_INFINITE_RECURSION = YES;
				CLANG_WARN_INT_CONVERSION = YES;
				CLANG_WARN_NON_LITERAL_NULL_CONVERSION = YES;
				CLANG_WARN_OBJC_IMPLICIT_RETAIN_SELF = YES;
				CLANG_WARN_OBJC_LITERAL_CONVERSION = YES;
				CLANG_WARN_OBJC_ROOT_CLASS = YES_ERROR;
				CLANG_WARN_QUOTED_INCLUDE_IN_FRAMEWORK_HEADER = YES;
				CLANG_WARN_RANGE_LOOP_ANALYSIS = YES;
				CLANG_WARN_STRICT_PROTOTYPES = YES;
				CLANG_WARN_SUSPICIOUS_MOVE = YES;
				CLANG_WARN_UNGUARDED_AVAILABILITY = YES_AGGRESSIVE;
				CLANG_WARN_UNREACHABLE_CODE = YES;
				CLANG_WARN__DUPLICATE_METHOD_MATCH = YES;
				COPY_PHASE_STRIP = NO;
				DEBUG_INFORMATION_FORMAT = dwarf;
				ENABLE_STRICT_OBJC_MSGSEND = YES;
				ENABLE_TESTABILITY = YES;
				GCC_C_LANGUAGE_STANDARD = gnu11;
				GCC_DYNAMIC_NO_PIC = NO;
				GCC_NO_COMMON_BLOCKS = YES;
				GCC_OPTIMIZATION_LEVEL = 0;
				GCC_PREPROCESSOR_DEFINITIONS = (
					"DEBUG=1",
					"$(inherited)",
				);
				GCC_WARN_64_TO_32_BIT_CONVERSION = YES;
				GCC_WARN_ABOUT_RETURN_TYPE = YES_ERROR;
				GCC_WARN_UNDECLARED_SELECTOR = YES;
				GCC_WARN_UNINITIALIZED_AUTOS = YES_AGGRESSIVE;
				GCC_WARN_UNUSED_FUNCTION = YES;
				GCC_WARN_UNUSED_VARIABLE = YES;
				IPHONEOS_DEPLOYMENT_TARGET = 16.2;
				MTL_ENABLE_DEBUG_INFO = INCLUDE_SOURCE;
				MTL_FAST_MATH = YES;
				ONLY_ACTIVE_ARCH = YES;
				SDKROOT = iphoneos;
				SWIFT_ACTIVE_COMPILATION_CONDITIONS = DEBUG;
				SWIFT_OPTIMIZATION_LEVEL = "-Onone";
			};
			name = Debug;
		};
		CC24CCCD297B289700278328 /* Release */ = {
			isa = XCBuildConfiguration;
			buildSettings = {
				ALWAYS_SEARCH_USER_PATHS = NO;
				CLANG_ANALYZER_NONNULL = YES;
				CLANG_ANALYZER_NUMBER_OBJECT_CONVERSION = YES_AGGRESSIVE;
				CLANG_CXX_LANGUAGE_STANDARD = "gnu++20";
				CLANG_ENABLE_MODULES = YES;
				CLANG_ENABLE_OBJC_ARC = YES;
				CLANG_ENABLE_OBJC_WEAK = YES;
				CLANG_WARN_BLOCK_CAPTURE_AUTORELEASING = YES;
				CLANG_WARN_BOOL_CONVERSION = YES;
				CLANG_WARN_COMMA = YES;
				CLANG_WARN_CONSTANT_CONVERSION = YES;
				CLANG_WARN_DEPRECATED_OBJC_IMPLEMENTATIONS = YES;
				CLANG_WARN_DIRECT_OBJC_ISA_USAGE = YES_ERROR;
				CLANG_WARN_DOCUMENTATION_COMMENTS = YES;
				CLANG_WARN_EMPTY_BODY = YES;
				CLANG_WARN_ENUM_CONVERSION = YES;
				CLANG_WARN_INFINITE_RECURSION = YES;
				CLANG_WARN_INT_CONVERSION = YES;
				CLANG_WARN_NON_LITERAL_NULL_CONVERSION = YES;
				CLANG_WARN_OBJC_IMPLICIT_RETAIN_SELF = YES;
				CLANG_WARN_OBJC_LITERAL_CONVERSION = YES;
				CLANG_WARN_OBJC_ROOT_CLASS = YES_ERROR;
				CLANG_WARN_QUOTED_INCLUDE_IN_FRAMEWORK_HEADER = YES;
				CLANG_WARN_RANGE_LOOP_ANALYSIS = YES;
				CLANG_WARN_STRICT_PROTOTYPES = YES;
				CLANG_WARN_SUSPICIOUS_MOVE = YES;
				CLANG_WARN_UNGUARDED_AVAILABILITY = YES_AGGRESSIVE;
				CLANG_WARN_UNREACHABLE_CODE = YES;
				CLANG_WARN__DUPLICATE_METHOD_MATCH = YES;
				COPY_PHASE_STRIP = NO;
				DEBUG_INFORMATION_FORMAT = "dwarf-with-dsym";
				ENABLE_NS_ASSERTIONS = NO;
				ENABLE_STRICT_OBJC_MSGSEND = YES;
				GCC_C_LANGUAGE_STANDARD = gnu11;
				GCC_NO_COMMON_BLOCKS = YES;
				GCC_WARN_64_TO_32_BIT_CONVERSION = YES;
				GCC_WARN_ABOUT_RETURN_TYPE = YES_ERROR;
				GCC_WARN_UNDECLARED_SELECTOR = YES;
				GCC_WARN_UNINITIALIZED_AUTOS = YES_AGGRESSIVE;
				GCC_WARN_UNUSED_FUNCTION = YES;
				GCC_WARN_UNUSED_VARIABLE = YES;
				IPHONEOS_DEPLOYMENT_TARGET = 16.2;
				MTL_ENABLE_DEBUG_INFO = NO;
				MTL_FAST_MATH = YES;
				SDKROOT = iphoneos;
				SWIFT_COMPILATION_MODE = wholemodule;
				SWIFT_OPTIMIZATION_LEVEL = "-O";
				VALIDATE_PRODUCT = YES;
			};
			name = Release;
		};
		CC24CCCF297B289700278328 /* Debug */ = {
			isa = XCBuildConfiguration;
			buildSettings = {
				ASSETCATALOG_COMPILER_APPICON_NAME = AppIcon;
				ASSETCATALOG_COMPILER_GLOBAL_ACCENT_COLOR_NAME = AccentColor;
				CODE_SIGN_STYLE = Automatic;
				CURRENT_PROJECT_VERSION = 1;
				DEVELOPMENT_ASSET_PATHS = "\"ExpenseTracker/Preview Content\"";
				DEVELOPMENT_TEAM = TT445G88U5;
				ENABLE_PREVIEWS = YES;
				GENERATE_INFOPLIST_FILE = YES;
				INFOPLIST_KEY_UIApplicationSceneManifest_Generation = YES;
				INFOPLIST_KEY_UIApplicationSupportsIndirectInputEvents = YES;
				INFOPLIST_KEY_UILaunchScreen_Generation = YES;
				INFOPLIST_KEY_UISupportedInterfaceOrientations_iPad = "UIInterfaceOrientationPortrait UIInterfaceOrientationPortraitUpsideDown UIInterfaceOrientationLandscapeLeft UIInterfaceOrientationLandscapeRight";
				INFOPLIST_KEY_UISupportedInterfaceOrientations_iPhone = "UIInterfaceOrientationPortrait UIInterfaceOrientationLandscapeLeft UIInterfaceOrientationLandscapeRight";
				LD_RUNPATH_SEARCH_PATHS = (
					"$(inherited)",
					"@executable_path/Frameworks",
				);
				MARKETING_VERSION = 1.0;
				PRODUCT_BUNDLE_IDENTIFIER = com.agawade.org.ExpenseTracker;
				PRODUCT_NAME = "$(TARGET_NAME)";
				SWIFT_EMIT_LOC_STRINGS = YES;
				SWIFT_VERSION = 5.0;
				TARGETED_DEVICE_FAMILY = "1,2";
			};
			name = Debug;
		};
		CC24CCD0297B289700278328 /* Release */ = {
			isa = XCBuildConfiguration;
			buildSettings = {
				ASSETCATALOG_COMPILER_APPICON_NAME = AppIcon;
				ASSETCATALOG_COMPILER_GLOBAL_ACCENT_COLOR_NAME = AccentColor;
				CODE_SIGN_STYLE = Automatic;
				CURRENT_PROJECT_VERSION = 1;
				DEVELOPMENT_ASSET_PATHS = "\"ExpenseTracker/Preview Content\"";
				DEVELOPMENT_TEAM = TT445G88U5;
				ENABLE_PREVIEWS = YES;
				GENERATE_INFOPLIST_FILE = YES;
				INFOPLIST_KEY_UIApplicationSceneManifest_Generation = YES;
				INFOPLIST_KEY_UIApplicationSupportsIndirectInputEvents = YES;
				INFOPLIST_KEY_UILaunchScreen_Generation = YES;
				INFOPLIST_KEY_UISupportedInterfaceOrientations_iPad = "UIInterfaceOrientationPortrait UIInterfaceOrientationPortraitUpsideDown UIInterfaceOrientationLandscapeLeft UIInterfaceOrientationLandscapeRight";
				INFOPLIST_KEY_UISupportedInterfaceOrientations_iPhone = "UIInterfaceOrientationPortrait UIInterfaceOrientationLandscapeLeft UIInterfaceOrientationLandscapeRight";
				LD_RUNPATH_SEARCH_PATHS = (
					"$(inherited)",
					"@executable_path/Frameworks",
				);
				MARKETING_VERSION = 1.0;
				PRODUCT_BUNDLE_IDENTIFIER = com.agawade.org.ExpenseTracker;
				PRODUCT_NAME = "$(TARGET_NAME)";
				SWIFT_EMIT_LOC_STRINGS = YES;
				SWIFT_VERSION = 5.0;
				TARGETED_DEVICE_FAMILY = "1,2";
			};
			name = Release;
		};
/* End XCBuildConfiguration section */

/* Begin XCConfigurationList section */
		CC24CCBB297B289400278328 /* Build configuration list for PBXProject "ExpenseTracker" */ = {
			isa = XCConfigurationList;
			buildConfigurations = (
				CC24CCCC297B289700278328 /* Debug */,
				CC24CCCD297B289700278328 /* Release */,
			);
			defaultConfigurationIsVisible = 0;
			defaultConfigurationName = Release;
		};
		CC24CCCE297B289700278328 /* Build configuration list for PBXNativeTarget "ExpenseTracker" */ = {
			isa = XCConfigurationList;
			buildConfigurations = (
				CC24CCCF297B289700278328 /* Debug */,
				CC24CCD0297B289700278328 /* Release */,
			);
			defaultConfigurationIsVisible = 0;
			defaultConfigurationName = Release;
		};
/* End XCConfigurationList section */

/* Begin XCRemoteSwiftPackageReference section */
		CC24CCE8297B4AD500278328 /* XCRemoteSwiftPackageReference "swift-collections" */ = {
			isa = XCRemoteSwiftPackageReference;
			repositoryURL = "https://github.com/apple/swift-collections.git";
			requirement = {
				kind = upToNextMajorVersion;
				minimumVersion = 1.0.0;
			};
		};
		CC24CCEB297B4AE400278328 /* XCRemoteSwiftPackageReference "SwiftUIFontIcon" */ = {
			isa = XCRemoteSwiftPackageReference;
			repositoryURL = "https://github.com/huybuidac/SwiftUIFontIcon";
			requirement = {
				branch = master;
				kind = branch;
			};
		};
/* End XCRemoteSwiftPackageReference section */

/* Begin XCSwiftPackageProductDependency section */
		CC24CCE9297B4AD500278328 /* Collections */ = {
			isa = XCSwiftPackageProductDependency;
			package = CC24CCE8297B4AD500278328 /* XCRemoteSwiftPackageReference "swift-collections" */;
			productName = Collections;
		};
		CC24CCEC297B4AE400278328 /* SwiftUIFontIcon */ = {
			isa = XCSwiftPackageProductDependency;
			package = CC24CCEB297B4AE400278328 /* XCRemoteSwiftPackageReference "SwiftUIFontIcon" */;
			productName = SwiftUIFontIcon;
		};
		CC24CD00297B557500278328 /* SwiftUICharts */ = {
			isa = XCSwiftPackageProductDependency;
			productName = SwiftUICharts;
		};
/* End XCSwiftPackageProductDependency section */
	};
	rootObject = CC24CCB8297B289400278328 /* Project object */;
}
