// !$*UTF8*$!
{
	archiveVersion = 1;
	classes = {
	};
	objectVersion = 55;
	objects = {

/* Begin PBXBuildFile section */
		622D08BB2AADEBD60079BDA4 /* SwiftUITutorialAppleApp.swift in Sources */ = {isa = PBXBuildFile; fileRef = 622D08BA2AADEBD60079BDA4 /* SwiftUITutorialAppleApp.swift */; };
		622D08BD2AADEBD60079BDA4 /* ContentView.swift in Sources */ = {isa = PBXBuildFile; fileRef = 622D08BC2AADEBD60079BDA4 /* ContentView.swift */; };
		622D08BF2AADEBD80079BDA4 /* Assets.xcassets in Resources */ = {isa = PBXBuildFile; fileRef = 622D08BE2AADEBD80079BDA4 /* Assets.xcassets */; };
		622D08C22AADEBD80079BDA4 /* Preview Assets.xcassets in Resources */ = {isa = PBXBuildFile; fileRef = 622D08C12AADEBD80079BDA4 /* Preview Assets.xcassets */; };
		622D08CC2AADEBD80079BDA4 /* SwiftUITutorialAppleTests.swift in Sources */ = {isa = PBXBuildFile; fileRef = 622D08CB2AADEBD80079BDA4 /* SwiftUITutorialAppleTests.swift */; };
		622D08D62AADEBD80079BDA4 /* SwiftUITutorialAppleUITests.swift in Sources */ = {isa = PBXBuildFile; fileRef = 622D08D52AADEBD80079BDA4 /* SwiftUITutorialAppleUITests.swift */; };
		622D08D82AADEBD80079BDA4 /* SwiftUITutorialAppleUITestsLaunchTests.swift in Sources */ = {isa = PBXBuildFile; fileRef = 622D08D72AADEBD80079BDA4 /* SwiftUITutorialAppleUITestsLaunchTests.swift */; };
		627F5A022AADF524008CA7EF /* umbagog@2x.jpg in Resources */ = {isa = PBXBuildFile; fileRef = 627F59F62AADF523008CA7EF /* umbagog@2x.jpg */; };
		627F5A032AADF524008CA7EF /* twinlake@2x.jpg in Resources */ = {isa = PBXBuildFile; fileRef = 627F59F72AADF523008CA7EF /* twinlake@2x.jpg */; };
		627F5A042AADF524008CA7EF /* chincoteague@2x.jpg in Resources */ = {isa = PBXBuildFile; fileRef = 627F59F82AADF523008CA7EF /* chincoteague@2x.jpg */; };
		627F5A052AADF524008CA7EF /* lakemcdonald@2x.jpg in Resources */ = {isa = PBXBuildFile; fileRef = 627F59F92AADF523008CA7EF /* lakemcdonald@2x.jpg */; };
		627F5A062AADF524008CA7EF /* silversalmoncreek@2x.jpg in Resources */ = {isa = PBXBuildFile; fileRef = 627F59FA2AADF523008CA7EF /* silversalmoncreek@2x.jpg */; };
		627F5A072AADF524008CA7EF /* icybay@2x.jpg in Resources */ = {isa = PBXBuildFile; fileRef = 627F59FB2AADF523008CA7EF /* icybay@2x.jpg */; };
		627F5A082AADF524008CA7EF /* hiddenlake@2x.jpg in Resources */ = {isa = PBXBuildFile; fileRef = 627F59FC2AADF523008CA7EF /* hiddenlake@2x.jpg */; };
		627F5A092AADF524008CA7EF /* chilkoottrail@2x.jpg in Resources */ = {isa = PBXBuildFile; fileRef = 627F59FD2AADF523008CA7EF /* chilkoottrail@2x.jpg */; };
		627F5A0A2AADF524008CA7EF /* stmarylake@2x.jpg in Resources */ = {isa = PBXBuildFile; fileRef = 627F59FE2AADF523008CA7EF /* stmarylake@2x.jpg */; };
		627F5A0B2AADF524008CA7EF /* charleyrivers@2x.jpg in Resources */ = {isa = PBXBuildFile; fileRef = 627F59FF2AADF523008CA7EF /* charleyrivers@2x.jpg */; };
		627F5A0C2AADF524008CA7EF /* rainbowlake@2x.jpg in Resources */ = {isa = PBXBuildFile; fileRef = 627F5A002AADF523008CA7EF /* rainbowlake@2x.jpg */; };
		627F5A0D2AADF524008CA7EF /* landmarkData.json in Resources */ = {isa = PBXBuildFile; fileRef = 627F5A012AADF524008CA7EF /* landmarkData.json */; };
		627F5A1A2AADF552008CA7EF /* CategoryItem.swift in Sources */ = {isa = PBXBuildFile; fileRef = 627F5A0F2AADF552008CA7EF /* CategoryItem.swift */; };
		627F5A1B2AADF552008CA7EF /* CategoryHome.swift in Sources */ = {isa = PBXBuildFile; fileRef = 627F5A102AADF552008CA7EF /* CategoryHome.swift */; };
		627F5A1C2AADF552008CA7EF /* CategoryRow.swift in Sources */ = {isa = PBXBuildFile; fileRef = 627F5A112AADF552008CA7EF /* CategoryRow.swift */; };
		627F5A1D2AADF552008CA7EF /* MapView.swift in Sources */ = {isa = PBXBuildFile; fileRef = 627F5A132AADF552008CA7EF /* MapView.swift */; };
		627F5A1E2AADF552008CA7EF /* CircleImage.swift in Sources */ = {isa = PBXBuildFile; fileRef = 627F5A142AADF552008CA7EF /* CircleImage.swift */; };
		627F5A1F2AADF552008CA7EF /* FavoriteButton.swift in Sources */ = {isa = PBXBuildFile; fileRef = 627F5A152AADF552008CA7EF /* FavoriteButton.swift */; };
		627F5A202AADF552008CA7EF /* LandmarkList.swift in Sources */ = {isa = PBXBuildFile; fileRef = 627F5A172AADF552008CA7EF /* LandmarkList.swift */; };
		627F5A212AADF552008CA7EF /* LandmarkDetail.swift in Sources */ = {isa = PBXBuildFile; fileRef = 627F5A182AADF552008CA7EF /* LandmarkDetail.swift */; };
		627F5A222AADF552008CA7EF /* LandmarkRow.swift in Sources */ = {isa = PBXBuildFile; fileRef = 627F5A192AADF552008CA7EF /* LandmarkRow.swift */; };
		627F5A252AADF56B008CA7EF /* Landmark.swift in Sources */ = {isa = PBXBuildFile; fileRef = 627F5A232AADF56B008CA7EF /* Landmark.swift */; };
		627F5A262AADF56B008CA7EF /* ModelData.swift in Sources */ = {isa = PBXBuildFile; fileRef = 627F5A242AADF56B008CA7EF /* ModelData.swift */; };
		62F686A12AB172D2004EBDC5 /* HikeBadge.swift in Sources */ = {isa = PBXBuildFile; fileRef = 62F686922AB172D1004EBDC5 /* HikeBadge.swift */; };
		62F686A22AB172D2004EBDC5 /* RotatedBadgeSymbol.swift in Sources */ = {isa = PBXBuildFile; fileRef = 62F686932AB172D1004EBDC5 /* RotatedBadgeSymbol.swift */; };
		62F686A32AB172D2004EBDC5 /* HexagonParameters.swift in Sources */ = {isa = PBXBuildFile; fileRef = 62F686942AB172D1004EBDC5 /* HexagonParameters.swift */; };
		62F686A42AB172D2004EBDC5 /* BadgeSymbol.swift in Sources */ = {isa = PBXBuildFile; fileRef = 62F686952AB172D1004EBDC5 /* BadgeSymbol.swift */; };
		62F686A52AB172D2004EBDC5 /* BadgeBackground.swift in Sources */ = {isa = PBXBuildFile; fileRef = 62F686962AB172D1004EBDC5 /* BadgeBackground.swift */; };
		62F686A62AB172D2004EBDC5 /* Badge.swift in Sources */ = {isa = PBXBuildFile; fileRef = 62F686972AB172D1004EBDC5 /* Badge.swift */; };
		62F686A72AB172D2004EBDC5 /* GraphCapsule.swift in Sources */ = {isa = PBXBuildFile; fileRef = 62F686992AB172D2004EBDC5 /* GraphCapsule.swift */; };
		62F686A82AB172D2004EBDC5 /* HikeGraph.swift in Sources */ = {isa = PBXBuildFile; fileRef = 62F6869A2AB172D2004EBDC5 /* HikeGraph.swift */; };
		62F686A92AB172D2004EBDC5 /* HikeDetail.swift in Sources */ = {isa = PBXBuildFile; fileRef = 62F6869B2AB172D2004EBDC5 /* HikeDetail.swift */; };
		62F686AA2AB172D2004EBDC5 /* HikeView.swift in Sources */ = {isa = PBXBuildFile; fileRef = 62F6869C2AB172D2004EBDC5 /* HikeView.swift */; };
		62F686AB2AB172D2004EBDC5 /* ProfileSummary.swift in Sources */ = {isa = PBXBuildFile; fileRef = 62F6869E2AB172D2004EBDC5 /* ProfileSummary.swift */; };
		62F686AC2AB172D2004EBDC5 /* ProfileEditor.swift in Sources */ = {isa = PBXBuildFile; fileRef = 62F6869F2AB172D2004EBDC5 /* ProfileEditor.swift */; };
		62F686AD2AB172D2004EBDC5 /* ProfileHost.swift in Sources */ = {isa = PBXBuildFile; fileRef = 62F686A02AB172D2004EBDC5 /* ProfileHost.swift */; };
		62F686AF2AB1736C004EBDC5 /* hikeData.json in Resources */ = {isa = PBXBuildFile; fileRef = 62F686AE2AB1736C004EBDC5 /* hikeData.json */; };
		62F686B22AB17392004EBDC5 /* Profile.swift in Sources */ = {isa = PBXBuildFile; fileRef = 62F686B02AB17392004EBDC5 /* Profile.swift */; };
		62F686B32AB17392004EBDC5 /* Hike.swift in Sources */ = {isa = PBXBuildFile; fileRef = 62F686B12AB17392004EBDC5 /* Hike.swift */; };
		62F686B92AB17B09004EBDC5 /* FeatureCard.swift in Sources */ = {isa = PBXBuildFile; fileRef = 62F686B52AB17B09004EBDC5 /* FeatureCard.swift */; };
		62F686BA2AB17B09004EBDC5 /* PageControl.swift in Sources */ = {isa = PBXBuildFile; fileRef = 62F686B62AB17B09004EBDC5 /* PageControl.swift */; };
		62F686BB2AB17B09004EBDC5 /* PageViewController.swift in Sources */ = {isa = PBXBuildFile; fileRef = 62F686B72AB17B09004EBDC5 /* PageViewController.swift */; };
		62F686BC2AB17B09004EBDC5 /* PageView.swift in Sources */ = {isa = PBXBuildFile; fileRef = 62F686B82AB17B09004EBDC5 /* PageView.swift */; };
		62F686C22AB17D0A004EBDC5 /* Assets.xcassets in Resources */ = {isa = PBXBuildFile; fileRef = 62F686C12AB17D0A004EBDC5 /* Assets.xcassets */; };
		62F686C82AB17D0B004EBDC5 /* WatchSwiftUITutorialApple WatchKit Extension.appex in Embed App Extensions */ = {isa = PBXBuildFile; fileRef = 62F686C72AB17D0B004EBDC5 /* WatchSwiftUITutorialApple WatchKit Extension.appex */; settings = {ATTRIBUTES = (RemoveHeadersOnCopy, ); }; };
		62F686CF2AB17D0B004EBDC5 /* ContentView.swift in Sources */ = {isa = PBXBuildFile; fileRef = 62F686CE2AB17D0B004EBDC5 /* ContentView.swift */; };
		62F686D12AB17D0B004EBDC5 /* NotificationController.swift in Sources */ = {isa = PBXBuildFile; fileRef = 62F686D02AB17D0B004EBDC5 /* NotificationController.swift */; };
		62F686D32AB17D0B004EBDC5 /* NotificationView.swift in Sources */ = {isa = PBXBuildFile; fileRef = 62F686D22AB17D0B004EBDC5 /* NotificationView.swift */; };
		62F686D52AB17D0B004EBDC5 /* ComplicationController.swift in Sources */ = {isa = PBXBuildFile; fileRef = 62F686D42AB17D0B004EBDC5 /* ComplicationController.swift */; };
		62F686D72AB17D0D004EBDC5 /* Assets.xcassets in Resources */ = {isa = PBXBuildFile; fileRef = 62F686D62AB17D0D004EBDC5 /* Assets.xcassets */; };
		62F686DA2AB17D0D004EBDC5 /* Preview Assets.xcassets in Resources */ = {isa = PBXBuildFile; fileRef = 62F686D92AB17D0D004EBDC5 /* Preview Assets.xcassets */; };
		62F686DF2AB17D0D004EBDC5 /* WatchSwiftUITutorialApple.app in Embed Watch Content */ = {isa = PBXBuildFile; fileRef = 62F686BF2AB17D08004EBDC5 /* WatchSwiftUITutorialApple.app */; settings = {ATTRIBUTES = (RemoveHeadersOnCopy, ); }; };
		62F686E82AB17EA6004EBDC5 /* CircleImage.swift in Sources */ = {isa = PBXBuildFile; fileRef = 627F5A142AADF552008CA7EF /* CircleImage.swift */; };
		62F686E92AB17EA6004EBDC5 /* landmarkData.json in Resources */ = {isa = PBXBuildFile; fileRef = 627F5A012AADF524008CA7EF /* landmarkData.json */; };
		62F686EA2AB17EA6004EBDC5 /* LandmarkList.swift in Sources */ = {isa = PBXBuildFile; fileRef = 627F5A172AADF552008CA7EF /* LandmarkList.swift */; };
		62F686EB2AB17EA6004EBDC5 /* Profile.swift in Sources */ = {isa = PBXBuildFile; fileRef = 62F686B02AB17392004EBDC5 /* Profile.swift */; };
		62F686EC2AB17EA6004EBDC5 /* SwiftUITutorialAppleApp.swift in Sources */ = {isa = PBXBuildFile; fileRef = 622D08BA2AADEBD60079BDA4 /* SwiftUITutorialAppleApp.swift */; };
		62F686ED2AB17EA6004EBDC5 /* Landmark.swift in Sources */ = {isa = PBXBuildFile; fileRef = 627F5A232AADF56B008CA7EF /* Landmark.swift */; };
		62F686EE2AB17EA6004EBDC5 /* Assets.xcassets in Resources */ = {isa = PBXBuildFile; fileRef = 622D08BE2AADEBD80079BDA4 /* Assets.xcassets */; };
		62F686EF2AB17EA6004EBDC5 /* Hike.swift in Sources */ = {isa = PBXBuildFile; fileRef = 62F686B12AB17392004EBDC5 /* Hike.swift */; };
		62F686F02AB17EA6004EBDC5 /* LandmarkRow.swift in Sources */ = {isa = PBXBuildFile; fileRef = 627F5A192AADF552008CA7EF /* LandmarkRow.swift */; };
		62F686F12AB17EA6004EBDC5 /* hikeData.json in Resources */ = {isa = PBXBuildFile; fileRef = 62F686AE2AB1736C004EBDC5 /* hikeData.json */; };
		62F686F22AB17EA6004EBDC5 /* MapView.swift in Sources */ = {isa = PBXBuildFile; fileRef = 627F5A132AADF552008CA7EF /* MapView.swift */; };
		62F686F32AB17EA6004EBDC5 /* ModelData.swift in Sources */ = {isa = PBXBuildFile; fileRef = 627F5A242AADF56B008CA7EF /* ModelData.swift */; };
		62F686F52AB17FD0004EBDC5 /* LandmarkDetail.swift in Sources */ = {isa = PBXBuildFile; fileRef = 62F686F42AB17FD0004EBDC5 /* LandmarkDetail.swift */; };
		62F686F82AB1F834004EBDC5 /* LandmarkDetailsTest.swift in Sources */ = {isa = PBXBuildFile; fileRef = 62F686F72AB1F834004EBDC5 /* LandmarkDetailsTest.swift */; };
		62F686FC2AB1F97A004EBDC5 /* LandmarkHomePage.swift in Sources */ = {isa = PBXBuildFile; fileRef = 62F686FB2AB1F97A004EBDC5 /* LandmarkHomePage.swift */; };
		62F686FE2AB1F991004EBDC5 /* LandmarkListPage.swift in Sources */ = {isa = PBXBuildFile; fileRef = 62F686FD2AB1F991004EBDC5 /* LandmarkListPage.swift */; };
		62F687002AB1F99D004EBDC5 /* LandmarkDetailsPage.swift in Sources */ = {isa = PBXBuildFile; fileRef = 62F686FF2AB1F99D004EBDC5 /* LandmarkDetailsPage.swift */; };
		62F687032AB1FB8E004EBDC5 /* LandscapeXCTestCase.swift in Sources */ = {isa = PBXBuildFile; fileRef = 62F687022AB1FB8E004EBDC5 /* LandscapeXCTestCase.swift */; };
		62F687052AB20671004EBDC5 /* TestBuilder.swift in Sources */ = {isa = PBXBuildFile; fileRef = 62F687042AB20671004EBDC5 /* TestBuilder.swift */; };
		62F687072AB206A9004EBDC5 /* Page.swift in Sources */ = {isa = PBXBuildFile; fileRef = 62F687062AB206A9004EBDC5 /* Page.swift */; };
		62F687092AB206D6004EBDC5 /* AppAccessibilityIdentifiers.swift in Sources */ = {isa = PBXBuildFile; fileRef = 62F687082AB206D6004EBDC5 /* AppAccessibilityIdentifiers.swift */; };
		62F6870B2AB207BF004EBDC5 /* LocalizationHelper.swift in Sources */ = {isa = PBXBuildFile; fileRef = 62F6870A2AB207BF004EBDC5 /* LocalizationHelper.swift */; };
		62F6870D2AB20891004EBDC5 /* SnapshotHelper.swift in Sources */ = {isa = PBXBuildFile; fileRef = 62F6870C2AB20891004EBDC5 /* SnapshotHelper.swift */; };
		62F6870E2AB20B54004EBDC5 /* AppAccessibilityIdentifiers.swift in Sources */ = {isa = PBXBuildFile; fileRef = 62F687082AB206D6004EBDC5 /* AppAccessibilityIdentifiers.swift */; };
		62F6870F2AB21955004EBDC5 /* AppAccessibilityIdentifiers.swift in Sources */ = {isa = PBXBuildFile; fileRef = 62F687082AB206D6004EBDC5 /* AppAccessibilityIdentifiers.swift */; };
/* End PBXBuildFile section */

/* Begin PBXContainerItemProxy section */
		622D08C82AADEBD80079BDA4 /* PBXContainerItemProxy */ = {
			isa = PBXContainerItemProxy;
			containerPortal = 622D08AF2AADEBD60079BDA4 /* Project object */;
			proxyType = 1;
			remoteGlobalIDString = 622D08B62AADEBD60079BDA4;
			remoteInfo = SwiftUITutorialApple;
		};
		622D08D22AADEBD80079BDA4 /* PBXContainerItemProxy */ = {
			isa = PBXContainerItemProxy;
			containerPortal = 622D08AF2AADEBD60079BDA4 /* Project object */;
			proxyType = 1;
			remoteGlobalIDString = 622D08B62AADEBD60079BDA4;
			remoteInfo = SwiftUITutorialApple;
		};
		62F686C92AB17D0B004EBDC5 /* PBXContainerItemProxy */ = {
			isa = PBXContainerItemProxy;
			containerPortal = 622D08AF2AADEBD60079BDA4 /* Project object */;
			proxyType = 1;
			remoteGlobalIDString = 62F686C62AB17D0B004EBDC5;
			remoteInfo = "WatchSwiftUITutorialApple WatchKit Extension";
		};
		62F686DD2AB17D0D004EBDC5 /* PBXContainerItemProxy */ = {
			isa = PBXContainerItemProxy;
			containerPortal = 622D08AF2AADEBD60079BDA4 /* Project object */;
			proxyType = 1;
			remoteGlobalIDString = 62F686BE2AB17D08004EBDC5;
			remoteInfo = WatchSwiftUITutorialApple;
		};
/* End PBXContainerItemProxy section */

/* Begin PBXCopyFilesBuildPhase section */
		62F686E02AB17D0D004EBDC5 /* Embed Watch Content */ = {
			isa = PBXCopyFilesBuildPhase;
			buildActionMask = 2147483647;
			dstPath = "$(CONTENTS_FOLDER_PATH)/Watch";
			dstSubfolderSpec = 16;
			files = (
				62F686DF2AB17D0D004EBDC5 /* WatchSwiftUITutorialApple.app in Embed Watch Content */,
			);
			name = "Embed Watch Content";
			runOnlyForDeploymentPostprocessing = 0;
		};
		62F686E32AB17D0D004EBDC5 /* Embed App Extensions */ = {
			isa = PBXCopyFilesBuildPhase;
			buildActionMask = 2147483647;
			dstPath = "";
			dstSubfolderSpec = 13;
			files = (
				62F686C82AB17D0B004EBDC5 /* WatchSwiftUITutorialApple WatchKit Extension.appex in Embed App Extensions */,
			);
			name = "Embed App Extensions";
			runOnlyForDeploymentPostprocessing = 0;
		};
/* End PBXCopyFilesBuildPhase section */

/* Begin PBXFileReference section */
		622D08B72AADEBD60079BDA4 /* SwiftUITutorialApple.app */ = {isa = PBXFileReference; explicitFileType = wrapper.application; includeInIndex = 0; path = SwiftUITutorialApple.app; sourceTree = BUILT_PRODUCTS_DIR; };
		622D08BA2AADEBD60079BDA4 /* SwiftUITutorialAppleApp.swift */ = {isa = PBXFileReference; lastKnownFileType = sourcecode.swift; path = SwiftUITutorialAppleApp.swift; sourceTree = "<group>"; };
		622D08BC2AADEBD60079BDA4 /* ContentView.swift */ = {isa = PBXFileReference; lastKnownFileType = sourcecode.swift; path = ContentView.swift; sourceTree = "<group>"; };
		622D08BE2AADEBD80079BDA4 /* Assets.xcassets */ = {isa = PBXFileReference; lastKnownFileType = folder.assetcatalog; path = Assets.xcassets; sourceTree = "<group>"; };
		622D08C12AADEBD80079BDA4 /* Preview Assets.xcassets */ = {isa = PBXFileReference; lastKnownFileType = folder.assetcatalog; path = "Preview Assets.xcassets"; sourceTree = "<group>"; };
		622D08C72AADEBD80079BDA4 /* SwiftUITutorialAppleTests.xctest */ = {isa = PBXFileReference; explicitFileType = wrapper.cfbundle; includeInIndex = 0; path = SwiftUITutorialAppleTests.xctest; sourceTree = BUILT_PRODUCTS_DIR; };
		622D08CB2AADEBD80079BDA4 /* SwiftUITutorialAppleTests.swift */ = {isa = PBXFileReference; lastKnownFileType = sourcecode.swift; path = SwiftUITutorialAppleTests.swift; sourceTree = "<group>"; };
		622D08D12AADEBD80079BDA4 /* SwiftUITutorialAppleUITests.xctest */ = {isa = PBXFileReference; explicitFileType = wrapper.cfbundle; includeInIndex = 0; path = SwiftUITutorialAppleUITests.xctest; sourceTree = BUILT_PRODUCTS_DIR; };
		622D08D52AADEBD80079BDA4 /* SwiftUITutorialAppleUITests.swift */ = {isa = PBXFileReference; lastKnownFileType = sourcecode.swift; path = SwiftUITutorialAppleUITests.swift; sourceTree = "<group>"; };
		622D08D72AADEBD80079BDA4 /* SwiftUITutorialAppleUITestsLaunchTests.swift */ = {isa = PBXFileReference; lastKnownFileType = sourcecode.swift; path = SwiftUITutorialAppleUITestsLaunchTests.swift; sourceTree = "<group>"; };
		627F59F62AADF523008CA7EF /* umbagog@2x.jpg */ = {isa = PBXFileReference; lastKnownFileType = image.jpeg; path = "umbagog@2x.jpg"; sourceTree = "<group>"; };
		627F59F72AADF523008CA7EF /* twinlake@2x.jpg */ = {isa = PBXFileReference; lastKnownFileType = image.jpeg; path = "twinlake@2x.jpg"; sourceTree = "<group>"; };
		627F59F82AADF523008CA7EF /* chincoteague@2x.jpg */ = {isa = PBXFileReference; lastKnownFileType = image.jpeg; path = "chincoteague@2x.jpg"; sourceTree = "<group>"; };
		627F59F92AADF523008CA7EF /* lakemcdonald@2x.jpg */ = {isa = PBXFileReference; lastKnownFileType = image.jpeg; path = "lakemcdonald@2x.jpg"; sourceTree = "<group>"; };
		627F59FA2AADF523008CA7EF /* silversalmoncreek@2x.jpg */ = {isa = PBXFileReference; lastKnownFileType = image.jpeg; path = "silversalmoncreek@2x.jpg"; sourceTree = "<group>"; };
		627F59FB2AADF523008CA7EF /* icybay@2x.jpg */ = {isa = PBXFileReference; lastKnownFileType = image.jpeg; path = "icybay@2x.jpg"; sourceTree = "<group>"; };
		627F59FC2AADF523008CA7EF /* hiddenlake@2x.jpg */ = {isa = PBXFileReference; lastKnownFileType = image.jpeg; path = "hiddenlake@2x.jpg"; sourceTree = "<group>"; };
		627F59FD2AADF523008CA7EF /* chilkoottrail@2x.jpg */ = {isa = PBXFileReference; lastKnownFileType = image.jpeg; path = "chilkoottrail@2x.jpg"; sourceTree = "<group>"; };
		627F59FE2AADF523008CA7EF /* stmarylake@2x.jpg */ = {isa = PBXFileReference; lastKnownFileType = image.jpeg; path = "stmarylake@2x.jpg"; sourceTree = "<group>"; };
		627F59FF2AADF523008CA7EF /* charleyrivers@2x.jpg */ = {isa = PBXFileReference; lastKnownFileType = image.jpeg; path = "charleyrivers@2x.jpg"; sourceTree = "<group>"; };
		627F5A002AADF523008CA7EF /* rainbowlake@2x.jpg */ = {isa = PBXFileReference; lastKnownFileType = image.jpeg; path = "rainbowlake@2x.jpg"; sourceTree = "<group>"; };
		627F5A012AADF524008CA7EF /* landmarkData.json */ = {isa = PBXFileReference; fileEncoding = 4; lastKnownFileType = text.json; path = landmarkData.json; sourceTree = "<group>"; };
		627F5A0F2AADF552008CA7EF /* CategoryItem.swift */ = {isa = PBXFileReference; fileEncoding = 4; lastKnownFileType = sourcecode.swift; path = CategoryItem.swift; sourceTree = "<group>"; };
		627F5A102AADF552008CA7EF /* CategoryHome.swift */ = {isa = PBXFileReference; fileEncoding = 4; lastKnownFileType = sourcecode.swift; path = CategoryHome.swift; sourceTree = "<group>"; };
		627F5A112AADF552008CA7EF /* CategoryRow.swift */ = {isa = PBXFileReference; fileEncoding = 4; lastKnownFileType = sourcecode.swift; path = CategoryRow.swift; sourceTree = "<group>"; };
		627F5A132AADF552008CA7EF /* MapView.swift */ = {isa = PBXFileReference; fileEncoding = 4; lastKnownFileType = sourcecode.swift; path = MapView.swift; sourceTree = "<group>"; };
		627F5A142AADF552008CA7EF /* CircleImage.swift */ = {isa = PBXFileReference; fileEncoding = 4; lastKnownFileType = sourcecode.swift; path = CircleImage.swift; sourceTree = "<group>"; };
		627F5A152AADF552008CA7EF /* FavoriteButton.swift */ = {isa = PBXFileReference; fileEncoding = 4; lastKnownFileType = sourcecode.swift; path = FavoriteButton.swift; sourceTree = "<group>"; };
		627F5A172AADF552008CA7EF /* LandmarkList.swift */ = {isa = PBXFileReference; fileEncoding = 4; lastKnownFileType = sourcecode.swift; path = LandmarkList.swift; sourceTree = "<group>"; };
		627F5A182AADF552008CA7EF /* LandmarkDetail.swift */ = {isa = PBXFileReference; fileEncoding = 4; lastKnownFileType = sourcecode.swift; path = LandmarkDetail.swift; sourceTree = "<group>"; };
		627F5A192AADF552008CA7EF /* LandmarkRow.swift */ = {isa = PBXFileReference; fileEncoding = 4; lastKnownFileType = sourcecode.swift; path = LandmarkRow.swift; sourceTree = "<group>"; };
		627F5A232AADF56B008CA7EF /* Landmark.swift */ = {isa = PBXFileReference; fileEncoding = 4; lastKnownFileType = sourcecode.swift; path = Landmark.swift; sourceTree = "<group>"; };
		627F5A242AADF56B008CA7EF /* ModelData.swift */ = {isa = PBXFileReference; fileEncoding = 4; lastKnownFileType = sourcecode.swift; path = ModelData.swift; sourceTree = "<group>"; };
		62F686922AB172D1004EBDC5 /* HikeBadge.swift */ = {isa = PBXFileReference; fileEncoding = 4; lastKnownFileType = sourcecode.swift; path = HikeBadge.swift; sourceTree = "<group>"; };
		62F686932AB172D1004EBDC5 /* RotatedBadgeSymbol.swift */ = {isa = PBXFileReference; fileEncoding = 4; lastKnownFileType = sourcecode.swift; path = RotatedBadgeSymbol.swift; sourceTree = "<group>"; };
		62F686942AB172D1004EBDC5 /* HexagonParameters.swift */ = {isa = PBXFileReference; fileEncoding = 4; lastKnownFileType = sourcecode.swift; path = HexagonParameters.swift; sourceTree = "<group>"; };
		62F686952AB172D1004EBDC5 /* BadgeSymbol.swift */ = {isa = PBXFileReference; fileEncoding = 4; lastKnownFileType = sourcecode.swift; path = BadgeSymbol.swift; sourceTree = "<group>"; };
		62F686962AB172D1004EBDC5 /* BadgeBackground.swift */ = {isa = PBXFileReference; fileEncoding = 4; lastKnownFileType = sourcecode.swift; path = BadgeBackground.swift; sourceTree = "<group>"; };
		62F686972AB172D1004EBDC5 /* Badge.swift */ = {isa = PBXFileReference; fileEncoding = 4; lastKnownFileType = sourcecode.swift; path = Badge.swift; sourceTree = "<group>"; };
		62F686992AB172D2004EBDC5 /* GraphCapsule.swift */ = {isa = PBXFileReference; fileEncoding = 4; lastKnownFileType = sourcecode.swift; path = GraphCapsule.swift; sourceTree = "<group>"; };
		62F6869A2AB172D2004EBDC5 /* HikeGraph.swift */ = {isa = PBXFileReference; fileEncoding = 4; lastKnownFileType = sourcecode.swift; path = HikeGraph.swift; sourceTree = "<group>"; };
		62F6869B2AB172D2004EBDC5 /* HikeDetail.swift */ = {isa = PBXFileReference; fileEncoding = 4; lastKnownFileType = sourcecode.swift; path = HikeDetail.swift; sourceTree = "<group>"; };
		62F6869C2AB172D2004EBDC5 /* HikeView.swift */ = {isa = PBXFileReference; fileEncoding = 4; lastKnownFileType = sourcecode.swift; path = HikeView.swift; sourceTree = "<group>"; };
		62F6869E2AB172D2004EBDC5 /* ProfileSummary.swift */ = {isa = PBXFileReference; fileEncoding = 4; lastKnownFileType = sourcecode.swift; path = ProfileSummary.swift; sourceTree = "<group>"; };
		62F6869F2AB172D2004EBDC5 /* ProfileEditor.swift */ = {isa = PBXFileReference; fileEncoding = 4; lastKnownFileType = sourcecode.swift; path = ProfileEditor.swift; sourceTree = "<group>"; };
		62F686A02AB172D2004EBDC5 /* ProfileHost.swift */ = {isa = PBXFileReference; fileEncoding = 4; lastKnownFileType = sourcecode.swift; path = ProfileHost.swift; sourceTree = "<group>"; };
		62F686AE2AB1736C004EBDC5 /* hikeData.json */ = {isa = PBXFileReference; fileEncoding = 4; lastKnownFileType = text.json; path = hikeData.json; sourceTree = "<group>"; };
		62F686B02AB17392004EBDC5 /* Profile.swift */ = {isa = PBXFileReference; fileEncoding = 4; lastKnownFileType = sourcecode.swift; path = Profile.swift; sourceTree = "<group>"; };
		62F686B12AB17392004EBDC5 /* Hike.swift */ = {isa = PBXFileReference; fileEncoding = 4; lastKnownFileType = sourcecode.swift; path = Hike.swift; sourceTree = "<group>"; };
		62F686B52AB17B09004EBDC5 /* FeatureCard.swift */ = {isa = PBXFileReference; fileEncoding = 4; lastKnownFileType = sourcecode.swift; path = FeatureCard.swift; sourceTree = "<group>"; };
		62F686B62AB17B09004EBDC5 /* PageControl.swift */ = {isa = PBXFileReference; fileEncoding = 4; lastKnownFileType = sourcecode.swift; path = PageControl.swift; sourceTree = "<group>"; };
		62F686B72AB17B09004EBDC5 /* PageViewController.swift */ = {isa = PBXFileReference; fileEncoding = 4; lastKnownFileType = sourcecode.swift; path = PageViewController.swift; sourceTree = "<group>"; };
		62F686B82AB17B09004EBDC5 /* PageView.swift */ = {isa = PBXFileReference; fileEncoding = 4; lastKnownFileType = sourcecode.swift; path = PageView.swift; sourceTree = "<group>"; };
		62F686BF2AB17D08004EBDC5 /* WatchSwiftUITutorialApple.app */ = {isa = PBXFileReference; explicitFileType = wrapper.application; includeInIndex = 0; path = WatchSwiftUITutorialApple.app; sourceTree = BUILT_PRODUCTS_DIR; };
		62F686C12AB17D0A004EBDC5 /* Assets.xcassets */ = {isa = PBXFileReference; lastKnownFileType = folder.assetcatalog; path = Assets.xcassets; sourceTree = "<group>"; };
		62F686C72AB17D0B004EBDC5 /* WatchSwiftUITutorialApple WatchKit Extension.appex */ = {isa = PBXFileReference; explicitFileType = "wrapper.app-extension"; includeInIndex = 0; path = "WatchSwiftUITutorialApple WatchKit Extension.appex"; sourceTree = BUILT_PRODUCTS_DIR; };
		62F686CE2AB17D0B004EBDC5 /* ContentView.swift */ = {isa = PBXFileReference; lastKnownFileType = sourcecode.swift; path = ContentView.swift; sourceTree = "<group>"; };
		62F686D02AB17D0B004EBDC5 /* NotificationController.swift */ = {isa = PBXFileReference; lastKnownFileType = sourcecode.swift; path = NotificationController.swift; sourceTree = "<group>"; };
		62F686D22AB17D0B004EBDC5 /* NotificationView.swift */ = {isa = PBXFileReference; lastKnownFileType = sourcecode.swift; path = NotificationView.swift; sourceTree = "<group>"; };
		62F686D42AB17D0B004EBDC5 /* ComplicationController.swift */ = {isa = PBXFileReference; lastKnownFileType = sourcecode.swift; path = ComplicationController.swift; sourceTree = "<group>"; };
		62F686D62AB17D0D004EBDC5 /* Assets.xcassets */ = {isa = PBXFileReference; lastKnownFileType = folder.assetcatalog; path = Assets.xcassets; sourceTree = "<group>"; };
		62F686D92AB17D0D004EBDC5 /* Preview Assets.xcassets */ = {isa = PBXFileReference; lastKnownFileType = folder.assetcatalog; path = "Preview Assets.xcassets"; sourceTree = "<group>"; };
		62F686DB2AB17D0D004EBDC5 /* Info.plist */ = {isa = PBXFileReference; lastKnownFileType = text.plist.xml; path = Info.plist; sourceTree = "<group>"; };
		62F686DC2AB17D0D004EBDC5 /* PushNotificationPayload.apns */ = {isa = PBXFileReference; lastKnownFileType = text; path = PushNotificationPayload.apns; sourceTree = "<group>"; };
		62F686F42AB17FD0004EBDC5 /* LandmarkDetail.swift */ = {isa = PBXFileReference; fileEncoding = 4; lastKnownFileType = sourcecode.swift; path = LandmarkDetail.swift; sourceTree = "<group>"; };
		62F686F72AB1F834004EBDC5 /* LandmarkDetailsTest.swift */ = {isa = PBXFileReference; lastKnownFileType = sourcecode.swift; path = LandmarkDetailsTest.swift; sourceTree = "<group>"; };
		62F686FB2AB1F97A004EBDC5 /* LandmarkHomePage.swift */ = {isa = PBXFileReference; lastKnownFileType = sourcecode.swift; path = LandmarkHomePage.swift; sourceTree = "<group>"; };
		62F686FD2AB1F991004EBDC5 /* LandmarkListPage.swift */ = {isa = PBXFileReference; lastKnownFileType = sourcecode.swift; path = LandmarkListPage.swift; sourceTree = "<group>"; };
		62F686FF2AB1F99D004EBDC5 /* LandmarkDetailsPage.swift */ = {isa = PBXFileReference; lastKnownFileType = sourcecode.swift; path = LandmarkDetailsPage.swift; sourceTree = "<group>"; };
		62F687022AB1FB8E004EBDC5 /* LandscapeXCTestCase.swift */ = {isa = PBXFileReference; lastKnownFileType = sourcecode.swift; path = LandscapeXCTestCase.swift; sourceTree = "<group>"; };
		62F687042AB20671004EBDC5 /* TestBuilder.swift */ = {isa = PBXFileReference; lastKnownFileType = sourcecode.swift; path = TestBuilder.swift; sourceTree = "<group>"; };
		62F687062AB206A9004EBDC5 /* Page.swift */ = {isa = PBXFileReference; lastKnownFileType = sourcecode.swift; path = Page.swift; sourceTree = "<group>"; };
		62F687082AB206D6004EBDC5 /* AppAccessibilityIdentifiers.swift */ = {isa = PBXFileReference; lastKnownFileType = sourcecode.swift; path = AppAccessibilityIdentifiers.swift; sourceTree = "<group>"; };
		62F6870A2AB207BF004EBDC5 /* LocalizationHelper.swift */ = {isa = PBXFileReference; lastKnownFileType = sourcecode.swift; path = LocalizationHelper.swift; sourceTree = "<group>"; };
		62F6870C2AB20891004EBDC5 /* SnapshotHelper.swift */ = {isa = PBXFileReference; lastKnownFileType = sourcecode.swift; path = SnapshotHelper.swift; sourceTree = "<group>"; };
/* End PBXFileReference section */

/* Begin PBXFrameworksBuildPhase section */
		622D08B42AADEBD60079BDA4 /* Frameworks */ = {
			isa = PBXFrameworksBuildPhase;
			buildActionMask = 2147483647;
			files = (
			);
			runOnlyForDeploymentPostprocessing = 0;
		};
		622D08C42AADEBD80079BDA4 /* Frameworks */ = {
			isa = PBXFrameworksBuildPhase;
			buildActionMask = 2147483647;
			files = (
			);
			runOnlyForDeploymentPostprocessing = 0;
		};
		622D08CE2AADEBD80079BDA4 /* Frameworks */ = {
			isa = PBXFrameworksBuildPhase;
			buildActionMask = 2147483647;
			files = (
			);
			runOnlyForDeploymentPostprocessing = 0;
		};
		62F686C42AB17D0B004EBDC5 /* Frameworks */ = {
			isa = PBXFrameworksBuildPhase;
			buildActionMask = 2147483647;
			files = (
			);
			runOnlyForDeploymentPostprocessing = 0;
		};
/* End PBXFrameworksBuildPhase section */

/* Begin PBXGroup section */
		622D08AE2AADEBD60079BDA4 = {
			isa = PBXGroup;
			children = (
				622D08B92AADEBD60079BDA4 /* SwiftUITutorialApple */,
				622D08CA2AADEBD80079BDA4 /* SwiftUITutorialAppleTests */,
				622D08D42AADEBD80079BDA4 /* SwiftUITutorialAppleUITests */,
				62F686C02AB17D08004EBDC5 /* WatchSwiftUITutorialApple */,
				62F686CB2AB17D0B004EBDC5 /* WatchSwiftUITutorialApple WatchKit Extension */,
				622D08B82AADEBD60079BDA4 /* Products */,
			);
			sourceTree = "<group>";
		};
		622D08B82AADEBD60079BDA4 /* Products */ = {
			isa = PBXGroup;
			children = (
				622D08B72AADEBD60079BDA4 /* SwiftUITutorialApple.app */,
				622D08C72AADEBD80079BDA4 /* SwiftUITutorialAppleTests.xctest */,
				622D08D12AADEBD80079BDA4 /* SwiftUITutorialAppleUITests.xctest */,
				62F686BF2AB17D08004EBDC5 /* WatchSwiftUITutorialApple.app */,
				62F686C72AB17D0B004EBDC5 /* WatchSwiftUITutorialApple WatchKit Extension.appex */,
			);
			name = Products;
			sourceTree = "<group>";
		};
		622D08B92AADEBD60079BDA4 /* SwiftUITutorialApple */ = {
			isa = PBXGroup;
			children = (
				627F59F42AADF4EC008CA7EF /* Views */,
				627F59F32AADF4E1008CA7EF /* Model */,
				627F59F22AADF4D4008CA7EF /* Resources */,
				622D08BA2AADEBD60079BDA4 /* SwiftUITutorialAppleApp.swift */,
				622D08BC2AADEBD60079BDA4 /* ContentView.swift */,
				622D08BE2AADEBD80079BDA4 /* Assets.xcassets */,
				622D08C02AADEBD80079BDA4 /* Preview Content */,
			);
			path = SwiftUITutorialApple;
			sourceTree = "<group>";
		};
		622D08C02AADEBD80079BDA4 /* Preview Content */ = {
			isa = PBXGroup;
			children = (
				622D08C12AADEBD80079BDA4 /* Preview Assets.xcassets */,
			);
			path = "Preview Content";
			sourceTree = "<group>";
		};
		622D08CA2AADEBD80079BDA4 /* SwiftUITutorialAppleTests */ = {
			isa = PBXGroup;
			children = (
				622D08CB2AADEBD80079BDA4 /* SwiftUITutorialAppleTests.swift */,
			);
			path = SwiftUITutorialAppleTests;
			sourceTree = "<group>";
		};
		622D08D42AADEBD80079BDA4 /* SwiftUITutorialAppleUITests */ = {
			isa = PBXGroup;
			children = (
				62F686F92AB1F8A8004EBDC5 /* Infrastructure */,
				62F686F62AB1F7BB004EBDC5 /* Views */,
				622D08D52AADEBD80079BDA4 /* SwiftUITutorialAppleUITests.swift */,
				622D08D72AADEBD80079BDA4 /* SwiftUITutorialAppleUITestsLaunchTests.swift */,
			);
			path = SwiftUITutorialAppleUITests;
			sourceTree = "<group>";
		};
		627F59F22AADF4D4008CA7EF /* Resources */ = {
			isa = PBXGroup;
			children = (
				627F59F52AADF523008CA7EF /* Images */,
				62F686AE2AB1736C004EBDC5 /* hikeData.json */,
				627F5A012AADF524008CA7EF /* landmarkData.json */,
			);
			path = Resources;
			sourceTree = "<group>";
		};
		627F59F32AADF4E1008CA7EF /* Model */ = {
			isa = PBXGroup;
			children = (
				62F686B12AB17392004EBDC5 /* Hike.swift */,
				62F686B02AB17392004EBDC5 /* Profile.swift */,
				627F5A232AADF56B008CA7EF /* Landmark.swift */,
				627F5A242AADF56B008CA7EF /* ModelData.swift */,
			);
			path = Model;
			sourceTree = "<group>";
		};
		627F59F42AADF4EC008CA7EF /* Views */ = {
			isa = PBXGroup;
			children = (
				62F686B42AB17B09004EBDC5 /* PageView */,
				62F686912AB172D1004EBDC5 /* Badges */,
				62F686982AB172D2004EBDC5 /* Hikes */,
				62F6869D2AB172D2004EBDC5 /* Profiles */,
				627F5A0E2AADF552008CA7EF /* Categories */,
				627F5A122AADF552008CA7EF /* Helper */,
				627F5A162AADF552008CA7EF /* Landmarks */,
			);
			path = Views;
			sourceTree = "<group>";
		};
		627F59F52AADF523008CA7EF /* Images */ = {
			isa = PBXGroup;
			children = (
				627F59F62AADF523008CA7EF /* umbagog@2x.jpg */,
				627F59F72AADF523008CA7EF /* twinlake@2x.jpg */,
				627F59F82AADF523008CA7EF /* chincoteague@2x.jpg */,
				627F59F92AADF523008CA7EF /* lakemcdonald@2x.jpg */,
				627F59FA2AADF523008CA7EF /* silversalmoncreek@2x.jpg */,
				627F59FB2AADF523008CA7EF /* icybay@2x.jpg */,
				627F59FC2AADF523008CA7EF /* hiddenlake@2x.jpg */,
				627F59FD2AADF523008CA7EF /* chilkoottrail@2x.jpg */,
				627F59FE2AADF523008CA7EF /* stmarylake@2x.jpg */,
				627F59FF2AADF523008CA7EF /* charleyrivers@2x.jpg */,
				627F5A002AADF523008CA7EF /* rainbowlake@2x.jpg */,
			);
			path = Images;
			sourceTree = "<group>";
		};
		627F5A0E2AADF552008CA7EF /* Categories */ = {
			isa = PBXGroup;
			children = (
				627F5A0F2AADF552008CA7EF /* CategoryItem.swift */,
				627F5A102AADF552008CA7EF /* CategoryHome.swift */,
				627F5A112AADF552008CA7EF /* CategoryRow.swift */,
			);
			path = Categories;
			sourceTree = "<group>";
		};
		627F5A122AADF552008CA7EF /* Helper */ = {
			isa = PBXGroup;
			children = (
				627F5A132AADF552008CA7EF /* MapView.swift */,
				627F5A142AADF552008CA7EF /* CircleImage.swift */,
				627F5A152AADF552008CA7EF /* FavoriteButton.swift */,
			);
			path = Helper;
			sourceTree = "<group>";
		};
		627F5A162AADF552008CA7EF /* Landmarks */ = {
			isa = PBXGroup;
			children = (
				627F5A172AADF552008CA7EF /* LandmarkList.swift */,
				627F5A182AADF552008CA7EF /* LandmarkDetail.swift */,
				627F5A192AADF552008CA7EF /* LandmarkRow.swift */,
			);
			path = Landmarks;
			sourceTree = "<group>";
		};
		62F686912AB172D1004EBDC5 /* Badges */ = {
			isa = PBXGroup;
			children = (
				62F686922AB172D1004EBDC5 /* HikeBadge.swift */,
				62F686932AB172D1004EBDC5 /* RotatedBadgeSymbol.swift */,
				62F686942AB172D1004EBDC5 /* HexagonParameters.swift */,
				62F686952AB172D1004EBDC5 /* BadgeSymbol.swift */,
				62F686962AB172D1004EBDC5 /* BadgeBackground.swift */,
				62F686972AB172D1004EBDC5 /* Badge.swift */,
			);
			path = Badges;
			sourceTree = "<group>";
		};
		62F686982AB172D2004EBDC5 /* Hikes */ = {
			isa = PBXGroup;
			children = (
				62F686992AB172D2004EBDC5 /* GraphCapsule.swift */,
				62F6869A2AB172D2004EBDC5 /* HikeGraph.swift */,
				62F6869B2AB172D2004EBDC5 /* HikeDetail.swift */,
				62F6869C2AB172D2004EBDC5 /* HikeView.swift */,
			);
			path = Hikes;
			sourceTree = "<group>";
		};
		62F6869D2AB172D2004EBDC5 /* Profiles */ = {
			isa = PBXGroup;
			children = (
				62F6869E2AB172D2004EBDC5 /* ProfileSummary.swift */,
				62F6869F2AB172D2004EBDC5 /* ProfileEditor.swift */,
				62F686A02AB172D2004EBDC5 /* ProfileHost.swift */,
			);
			path = Profiles;
			sourceTree = "<group>";
		};
		62F686B42AB17B09004EBDC5 /* PageView */ = {
			isa = PBXGroup;
			children = (
				62F686B52AB17B09004EBDC5 /* FeatureCard.swift */,
				62F686B62AB17B09004EBDC5 /* PageControl.swift */,
				62F686B72AB17B09004EBDC5 /* PageViewController.swift */,
				62F686B82AB17B09004EBDC5 /* PageView.swift */,
			);
			path = PageView;
			sourceTree = "<group>";
		};
		62F686C02AB17D08004EBDC5 /* WatchSwiftUITutorialApple */ = {
			isa = PBXGroup;
			children = (
				62F686C12AB17D0A004EBDC5 /* Assets.xcassets */,
			);
			path = WatchSwiftUITutorialApple;
			sourceTree = "<group>";
		};
		62F686CB2AB17D0B004EBDC5 /* WatchSwiftUITutorialApple WatchKit Extension */ = {
			isa = PBXGroup;
			children = (
				62F686F42AB17FD0004EBDC5 /* LandmarkDetail.swift */,
				62F686CE2AB17D0B004EBDC5 /* ContentView.swift */,
				62F686D02AB17D0B004EBDC5 /* NotificationController.swift */,
				62F686D22AB17D0B004EBDC5 /* NotificationView.swift */,
				62F686D42AB17D0B004EBDC5 /* ComplicationController.swift */,
				62F686D62AB17D0D004EBDC5 /* Assets.xcassets */,
				62F686DB2AB17D0D004EBDC5 /* Info.plist */,
				62F686DC2AB17D0D004EBDC5 /* PushNotificationPayload.apns */,
				62F686D82AB17D0D004EBDC5 /* Preview Content */,
			);
			path = "WatchSwiftUITutorialApple WatchKit Extension";
			sourceTree = "<group>";
		};
		62F686D82AB17D0D004EBDC5 /* Preview Content */ = {
			isa = PBXGroup;
			children = (
				62F686D92AB17D0D004EBDC5 /* Preview Assets.xcassets */,
			);
			path = "Preview Content";
			sourceTree = "<group>";
		};
		62F686F62AB1F7BB004EBDC5 /* Views */ = {
			isa = PBXGroup;
			children = (
				62F686F72AB1F834004EBDC5 /* LandmarkDetailsTest.swift */,
			);
			path = Views;
			sourceTree = "<group>";
		};
		62F686F92AB1F8A8004EBDC5 /* Infrastructure */ = {
			isa = PBXGroup;
			children = (
				62F687012AB1FB5C004EBDC5 /* Helper */,
				62F686FA2AB1F8B5004EBDC5 /* Pages */,
			);
			path = Infrastructure;
			sourceTree = "<group>";
		};
		62F686FA2AB1F8B5004EBDC5 /* Pages */ = {
			isa = PBXGroup;
			children = (
				62F686FB2AB1F97A004EBDC5 /* LandmarkHomePage.swift */,
				62F686FD2AB1F991004EBDC5 /* LandmarkListPage.swift */,
				62F686FF2AB1F99D004EBDC5 /* LandmarkDetailsPage.swift */,
				62F687062AB206A9004EBDC5 /* Page.swift */,
			);
			path = Pages;
			sourceTree = "<group>";
		};
		62F687012AB1FB5C004EBDC5 /* Helper */ = {
			isa = PBXGroup;
			children = (
				62F687022AB1FB8E004EBDC5 /* LandscapeXCTestCase.swift */,
				62F687042AB20671004EBDC5 /* TestBuilder.swift */,
				62F687082AB206D6004EBDC5 /* AppAccessibilityIdentifiers.swift */,
				62F6870A2AB207BF004EBDC5 /* LocalizationHelper.swift */,
				62F6870C2AB20891004EBDC5 /* SnapshotHelper.swift */,
			);
			path = Helper;
			sourceTree = "<group>";
		};
/* End PBXGroup section */

/* Begin PBXNativeTarget section */
		622D08B62AADEBD60079BDA4 /* SwiftUITutorialApple */ = {
			isa = PBXNativeTarget;
			buildConfigurationList = 622D08DB2AADEBD80079BDA4 /* Build configuration list for PBXNativeTarget "SwiftUITutorialApple" */;
			buildPhases = (
				622D08B32AADEBD60079BDA4 /* Sources */,
				622D08B42AADEBD60079BDA4 /* Frameworks */,
				622D08B52AADEBD60079BDA4 /* Resources */,
				62F686E02AB17D0D004EBDC5 /* Embed Watch Content */,
			);
			buildRules = (
			);
			dependencies = (
				62F686DE2AB17D0D004EBDC5 /* PBXTargetDependency */,
			);
			name = SwiftUITutorialApple;
			productName = SwiftUITutorialApple;
			productReference = 622D08B72AADEBD60079BDA4 /* SwiftUITutorialApple.app */;
			productType = "com.apple.product-type.application";
		};
		622D08C62AADEBD80079BDA4 /* SwiftUITutorialAppleTests */ = {
			isa = PBXNativeTarget;
			buildConfigurationList = 622D08DE2AADEBD80079BDA4 /* Build configuration list for PBXNativeTarget "SwiftUITutorialAppleTests" */;
			buildPhases = (
				622D08C32AADEBD80079BDA4 /* Sources */,
				622D08C42AADEBD80079BDA4 /* Frameworks */,
				622D08C52AADEBD80079BDA4 /* Resources */,
			);
			buildRules = (
			);
			dependencies = (
				622D08C92AADEBD80079BDA4 /* PBXTargetDependency */,
			);
			name = SwiftUITutorialAppleTests;
			productName = SwiftUITutorialAppleTests;
			productReference = 622D08C72AADEBD80079BDA4 /* SwiftUITutorialAppleTests.xctest */;
			productType = "com.apple.product-type.bundle.unit-test";
		};
		622D08D02AADEBD80079BDA4 /* SwiftUITutorialAppleUITests */ = {
			isa = PBXNativeTarget;
			buildConfigurationList = 622D08E12AADEBD80079BDA4 /* Build configuration list for PBXNativeTarget "SwiftUITutorialAppleUITests" */;
			buildPhases = (
				622D08CD2AADEBD80079BDA4 /* Sources */,
				622D08CE2AADEBD80079BDA4 /* Frameworks */,
				622D08CF2AADEBD80079BDA4 /* Resources */,
			);
			buildRules = (
			);
			dependencies = (
				622D08D32AADEBD80079BDA4 /* PBXTargetDependency */,
			);
			name = SwiftUITutorialAppleUITests;
			productName = SwiftUITutorialAppleUITests;
			productReference = 622D08D12AADEBD80079BDA4 /* SwiftUITutorialAppleUITests.xctest */;
			productType = "com.apple.product-type.bundle.ui-testing";
		};
		62F686BE2AB17D08004EBDC5 /* WatchSwiftUITutorialApple */ = {
			isa = PBXNativeTarget;
			buildConfigurationList = 62F686E72AB17D0D004EBDC5 /* Build configuration list for PBXNativeTarget "WatchSwiftUITutorialApple" */;
			buildPhases = (
				62F686BD2AB17D08004EBDC5 /* Resources */,
				62F686E32AB17D0D004EBDC5 /* Embed App Extensions */,
			);
			buildRules = (
			);
			dependencies = (
				62F686CA2AB17D0B004EBDC5 /* PBXTargetDependency */,
			);
			name = WatchSwiftUITutorialApple;
			productName = WatchSwiftUITutorialApple;
			productReference = 62F686BF2AB17D08004EBDC5 /* WatchSwiftUITutorialApple.app */;
			productType = "com.apple.product-type.application.watchapp2";
		};
		62F686C62AB17D0B004EBDC5 /* WatchSwiftUITutorialApple WatchKit Extension */ = {
			isa = PBXNativeTarget;
			buildConfigurationList = 62F686E62AB17D0D004EBDC5 /* Build configuration list for PBXNativeTarget "WatchSwiftUITutorialApple WatchKit Extension" */;
			buildPhases = (
				62F686C32AB17D0B004EBDC5 /* Sources */,
				62F686C42AB17D0B004EBDC5 /* Frameworks */,
				62F686C52AB17D0B004EBDC5 /* Resources */,
			);
			buildRules = (
			);
			dependencies = (
			);
			name = "WatchSwiftUITutorialApple WatchKit Extension";
			productName = "WatchSwiftUITutorialApple WatchKit Extension";
			productReference = 62F686C72AB17D0B004EBDC5 /* WatchSwiftUITutorialApple WatchKit Extension.appex */;
			productType = "com.apple.product-type.watchkit2-extension";
		};
/* End PBXNativeTarget section */

/* Begin PBXProject section */
		622D08AF2AADEBD60079BDA4 /* Project object */ = {
			isa = PBXProject;
			attributes = {
				BuildIndependentTargetsInParallel = 1;
				LastSwiftUpdateCheck = 1340;
				LastUpgradeCheck = 1340;
				TargetAttributes = {
					622D08B62AADEBD60079BDA4 = {
						CreatedOnToolsVersion = 13.4;
					};
					622D08C62AADEBD80079BDA4 = {
						CreatedOnToolsVersion = 13.4;
						TestTargetID = 622D08B62AADEBD60079BDA4;
					};
					622D08D02AADEBD80079BDA4 = {
						CreatedOnToolsVersion = 13.4;
						TestTargetID = 622D08B62AADEBD60079BDA4;
					};
					62F686BE2AB17D08004EBDC5 = {
						CreatedOnToolsVersion = 13.4;
					};
					62F686C62AB17D0B004EBDC5 = {
						CreatedOnToolsVersion = 13.4;
					};
				};
			};
			buildConfigurationList = 622D08B22AADEBD60079BDA4 /* Build configuration list for PBXProject "SwiftUITutorialApple" */;
			compatibilityVersion = "Xcode 13.0";
			developmentRegion = en;
			hasScannedForEncodings = 0;
			knownRegions = (
				en,
				Base,
			);
			mainGroup = 622D08AE2AADEBD60079BDA4;
			productRefGroup = 622D08B82AADEBD60079BDA4 /* Products */;
			projectDirPath = "";
			projectRoot = "";
			targets = (
				622D08B62AADEBD60079BDA4 /* SwiftUITutorialApple */,
				622D08C62AADEBD80079BDA4 /* SwiftUITutorialAppleTests */,
				622D08D02AADEBD80079BDA4 /* SwiftUITutorialAppleUITests */,
				62F686BE2AB17D08004EBDC5 /* WatchSwiftUITutorialApple */,
				62F686C62AB17D0B004EBDC5 /* WatchSwiftUITutorialApple WatchKit Extension */,
			);
		};
/* End PBXProject section */

/* Begin PBXResourcesBuildPhase section */
		622D08B52AADEBD60079BDA4 /* Resources */ = {
			isa = PBXResourcesBuildPhase;
			buildActionMask = 2147483647;
			files = (
				627F5A0A2AADF524008CA7EF /* stmarylake@2x.jpg in Resources */,
				627F5A022AADF524008CA7EF /* umbagog@2x.jpg in Resources */,
				622D08C22AADEBD80079BDA4 /* Preview Assets.xcassets in Resources */,
				622D08BF2AADEBD80079BDA4 /* Assets.xcassets in Resources */,
				62F686AF2AB1736C004EBDC5 /* hikeData.json in Resources */,
				627F5A062AADF524008CA7EF /* silversalmoncreek@2x.jpg in Resources */,
				627F5A092AADF524008CA7EF /* chilkoottrail@2x.jpg in Resources */,
				627F5A0C2AADF524008CA7EF /* rainbowlake@2x.jpg in Resources */,
				627F5A042AADF524008CA7EF /* chincoteague@2x.jpg in Resources */,
				627F5A032AADF524008CA7EF /* twinlake@2x.jpg in Resources */,
				627F5A0D2AADF524008CA7EF /* landmarkData.json in Resources */,
				627F5A0B2AADF524008CA7EF /* charleyrivers@2x.jpg in Resources */,
				627F5A082AADF524008CA7EF /* hiddenlake@2x.jpg in Resources */,
				627F5A052AADF524008CA7EF /* lakemcdonald@2x.jpg in Resources */,
				627F5A072AADF524008CA7EF /* icybay@2x.jpg in Resources */,
			);
			runOnlyForDeploymentPostprocessing = 0;
		};
		622D08C52AADEBD80079BDA4 /* Resources */ = {
			isa = PBXResourcesBuildPhase;
			buildActionMask = 2147483647;
			files = (
			);
			runOnlyForDeploymentPostprocessing = 0;
		};
		622D08CF2AADEBD80079BDA4 /* Resources */ = {
			isa = PBXResourcesBuildPhase;
			buildActionMask = 2147483647;
			files = (
			);
			runOnlyForDeploymentPostprocessing = 0;
		};
		62F686BD2AB17D08004EBDC5 /* Resources */ = {
			isa = PBXResourcesBuildPhase;
			buildActionMask = 2147483647;
			files = (
				62F686C22AB17D0A004EBDC5 /* Assets.xcassets in Resources */,
			);
			runOnlyForDeploymentPostprocessing = 0;
		};
		62F686C52AB17D0B004EBDC5 /* Resources */ = {
			isa = PBXResourcesBuildPhase;
			buildActionMask = 2147483647;
			files = (
				62F686DA2AB17D0D004EBDC5 /* Preview Assets.xcassets in Resources */,
				62F686D72AB17D0D004EBDC5 /* Assets.xcassets in Resources */,
				62F686EE2AB17EA6004EBDC5 /* Assets.xcassets in Resources */,
				62F686E92AB17EA6004EBDC5 /* landmarkData.json in Resources */,
				62F686F12AB17EA6004EBDC5 /* hikeData.json in Resources */,
			);
			runOnlyForDeploymentPostprocessing = 0;
		};
/* End PBXResourcesBuildPhase section */

/* Begin PBXSourcesBuildPhase section */
		622D08B32AADEBD60079BDA4 /* Sources */ = {
			isa = PBXSourcesBuildPhase;
			buildActionMask = 2147483647;
			files = (
				62F686A72AB172D2004EBDC5 /* GraphCapsule.swift in Sources */,
				62F686BC2AB17B09004EBDC5 /* PageView.swift in Sources */,
				62F686A32AB172D2004EBDC5 /* HexagonParameters.swift in Sources */,
				62F686B92AB17B09004EBDC5 /* FeatureCard.swift in Sources */,
				62F686AC2AB172D2004EBDC5 /* ProfileEditor.swift in Sources */,
				627F5A1B2AADF552008CA7EF /* CategoryHome.swift in Sources */,
				627F5A1D2AADF552008CA7EF /* MapView.swift in Sources */,
				62F686AD2AB172D2004EBDC5 /* ProfileHost.swift in Sources */,
				62F686A82AB172D2004EBDC5 /* HikeGraph.swift in Sources */,
				622D08BD2AADEBD60079BDA4 /* ContentView.swift in Sources */,
				627F5A262AADF56B008CA7EF /* ModelData.swift in Sources */,
				62F686A92AB172D2004EBDC5 /* HikeDetail.swift in Sources */,
				62F686B32AB17392004EBDC5 /* Hike.swift in Sources */,
				627F5A1F2AADF552008CA7EF /* FavoriteButton.swift in Sources */,
				627F5A202AADF552008CA7EF /* LandmarkList.swift in Sources */,
				62F686BB2AB17B09004EBDC5 /* PageViewController.swift in Sources */,
				62F686A42AB172D2004EBDC5 /* BadgeSymbol.swift in Sources */,
				62F686A12AB172D2004EBDC5 /* HikeBadge.swift in Sources */,
				627F5A1E2AADF552008CA7EF /* CircleImage.swift in Sources */,
				62F686A22AB172D2004EBDC5 /* RotatedBadgeSymbol.swift in Sources */,
				62F686AB2AB172D2004EBDC5 /* ProfileSummary.swift in Sources */,
				627F5A1C2AADF552008CA7EF /* CategoryRow.swift in Sources */,
				62F686BA2AB17B09004EBDC5 /* PageControl.swift in Sources */,
				62F686AA2AB172D2004EBDC5 /* HikeView.swift in Sources */,
				627F5A1A2AADF552008CA7EF /* CategoryItem.swift in Sources */,
				62F686A52AB172D2004EBDC5 /* BadgeBackground.swift in Sources */,
				627F5A222AADF552008CA7EF /* LandmarkRow.swift in Sources */,
				62F6870E2AB20B54004EBDC5 /* AppAccessibilityIdentifiers.swift in Sources */,
				627F5A212AADF552008CA7EF /* LandmarkDetail.swift in Sources */,
				622D08BB2AADEBD60079BDA4 /* SwiftUITutorialAppleApp.swift in Sources */,
				627F5A252AADF56B008CA7EF /* Landmark.swift in Sources */,
				62F686B22AB17392004EBDC5 /* Profile.swift in Sources */,
				62F686A62AB172D2004EBDC5 /* Badge.swift in Sources */,
			);
			runOnlyForDeploymentPostprocessing = 0;
		};
		622D08C32AADEBD80079BDA4 /* Sources */ = {
			isa = PBXSourcesBuildPhase;
			buildActionMask = 2147483647;
			files = (
				622D08CC2AADEBD80079BDA4 /* SwiftUITutorialAppleTests.swift in Sources */,
			);
			runOnlyForDeploymentPostprocessing = 0;
		};
		622D08CD2AADEBD80079BDA4 /* Sources */ = {
			isa = PBXSourcesBuildPhase;
			buildActionMask = 2147483647;
			files = (
				62F6870B2AB207BF004EBDC5 /* LocalizationHelper.swift in Sources */,
				62F686F82AB1F834004EBDC5 /* LandmarkDetailsTest.swift in Sources */,
				62F687092AB206D6004EBDC5 /* AppAccessibilityIdentifiers.swift in Sources */,
				62F687002AB1F99D004EBDC5 /* LandmarkDetailsPage.swift in Sources */,
				62F686FC2AB1F97A004EBDC5 /* LandmarkHomePage.swift in Sources */,
				62F687052AB20671004EBDC5 /* TestBuilder.swift in Sources */,
				62F687032AB1FB8E004EBDC5 /* LandscapeXCTestCase.swift in Sources */,
				62F687072AB206A9004EBDC5 /* Page.swift in Sources */,
				622D08D62AADEBD80079BDA4 /* SwiftUITutorialAppleUITests.swift in Sources */,
				622D08D82AADEBD80079BDA4 /* SwiftUITutorialAppleUITestsLaunchTests.swift in Sources */,
				62F686FE2AB1F991004EBDC5 /* LandmarkListPage.swift in Sources */,
				62F6870D2AB20891004EBDC5 /* SnapshotHelper.swift in Sources */,
			);
			runOnlyForDeploymentPostprocessing = 0;
		};
		62F686C32AB17D0B004EBDC5 /* Sources */ = {
			isa = PBXSourcesBuildPhase;
			buildActionMask = 2147483647;
			files = (
				62F686EF2AB17EA6004EBDC5 /* Hike.swift in Sources */,
				62F686F22AB17EA6004EBDC5 /* MapView.swift in Sources */,
				62F686D12AB17D0B004EBDC5 /* NotificationController.swift in Sources */,
				62F686F32AB17EA6004EBDC5 /* ModelData.swift in Sources */,
				62F686EA2AB17EA6004EBDC5 /* LandmarkList.swift in Sources */,
				62F686EC2AB17EA6004EBDC5 /* SwiftUITutorialAppleApp.swift in Sources */,
				62F6870F2AB21955004EBDC5 /* AppAccessibilityIdentifiers.swift in Sources */,
				62F686F52AB17FD0004EBDC5 /* LandmarkDetail.swift in Sources */,
				62F686CF2AB17D0B004EBDC5 /* ContentView.swift in Sources */,
				62F686EB2AB17EA6004EBDC5 /* Profile.swift in Sources */,
				62F686ED2AB17EA6004EBDC5 /* Landmark.swift in Sources */,
				62F686D52AB17D0B004EBDC5 /* ComplicationController.swift in Sources */,
				62F686F02AB17EA6004EBDC5 /* LandmarkRow.swift in Sources */,
				62F686D32AB17D0B004EBDC5 /* NotificationView.swift in Sources */,
				62F686E82AB17EA6004EBDC5 /* CircleImage.swift in Sources */,
			);
			runOnlyForDeploymentPostprocessing = 0;
		};
/* End PBXSourcesBuildPhase section */

/* Begin PBXTargetDependency section */
		622D08C92AADEBD80079BDA4 /* PBXTargetDependency */ = {
			isa = PBXTargetDependency;
			target = 622D08B62AADEBD60079BDA4 /* SwiftUITutorialApple */;
			targetProxy = 622D08C82AADEBD80079BDA4 /* PBXContainerItemProxy */;
		};
		622D08D32AADEBD80079BDA4 /* PBXTargetDependency */ = {
			isa = PBXTargetDependency;
			target = 622D08B62AADEBD60079BDA4 /* SwiftUITutorialApple */;
			targetProxy = 622D08D22AADEBD80079BDA4 /* PBXContainerItemProxy */;
		};
		62F686CA2AB17D0B004EBDC5 /* PBXTargetDependency */ = {
			isa = PBXTargetDependency;
			target = 62F686C62AB17D0B004EBDC5 /* WatchSwiftUITutorialApple WatchKit Extension */;
			targetProxy = 62F686C92AB17D0B004EBDC5 /* PBXContainerItemProxy */;
		};
		62F686DE2AB17D0D004EBDC5 /* PBXTargetDependency */ = {
			isa = PBXTargetDependency;
			target = 62F686BE2AB17D08004EBDC5 /* WatchSwiftUITutorialApple */;
			targetProxy = 62F686DD2AB17D0D004EBDC5 /* PBXContainerItemProxy */;
		};
/* End PBXTargetDependency section */

/* Begin XCBuildConfiguration section */
		622D08D92AADEBD80079BDA4 /* Debug */ = {
			isa = XCBuildConfiguration;
			buildSettings = {
				ALWAYS_SEARCH_USER_PATHS = NO;
				CLANG_ANALYZER_NONNULL = YES;
				CLANG_ANALYZER_NUMBER_OBJECT_CONVERSION = YES_AGGRESSIVE;
				CLANG_CXX_LANGUAGE_STANDARD = "gnu++17";
				CLANG_ENABLE_MODULES = YES;
				CLANG_ENABLE_OBJC_ARC = YES;
				CLANG_ENABLE_OBJC_WEAK = YES;
				CLANG_WARN_BLOCK_CAPTURE_AUTORELEASING = YES;
				CLANG_WARN_BOOL_CONVERSION = YES;
				CLANG_WARN_COMMA = YES;
				CLANG_WARN_CONSTANT_CONVERSION = YES;
				CLANG_WARN_DEPRECATED_OBJC_IMPLEMENTATIONS = YES;
				CLANG_WARN_DIRECT_OBJC_ISA_USAGE = YES_ERROR;
				CLANG_WARN_DOCUMENTATION_COMMENTS = YES;
				CLANG_WARN_EMPTY_BODY = YES;
				CLANG_WARN_ENUM_CONVERSION = YES;
				CLANG_WARN_INFINITE_RECURSION = YES;
				CLANG_WARN_INT_CONVERSION = YES;
				CLANG_WARN_NON_LITERAL_NULL_CONVERSION = YES;
				CLANG_WARN_OBJC_IMPLICIT_RETAIN_SELF = YES;
				CLANG_WARN_OBJC_LITERAL_CONVERSION = YES;
				CLANG_WARN_OBJC_ROOT_CLASS = YES_ERROR;
				CLANG_WARN_QUOTED_INCLUDE_IN_FRAMEWORK_HEADER = YES;
				CLANG_WARN_RANGE_LOOP_ANALYSIS = YES;
				CLANG_WARN_STRICT_PROTOTYPES = YES;
				CLANG_WARN_SUSPICIOUS_MOVE = YES;
				CLANG_WARN_UNGUARDED_AVAILABILITY = YES_AGGRESSIVE;
				CLANG_WARN_UNREACHABLE_CODE = YES;
				CLANG_WARN__DUPLICATE_METHOD_MATCH = YES;
				COPY_PHASE_STRIP = NO;
				DEBUG_INFORMATION_FORMAT = dwarf;
				ENABLE_STRICT_OBJC_MSGSEND = YES;
				ENABLE_TESTABILITY = YES;
				GCC_C_LANGUAGE_STANDARD = gnu11;
				GCC_DYNAMIC_NO_PIC = NO;
				GCC_NO_COMMON_BLOCKS = YES;
				GCC_OPTIMIZATION_LEVEL = 0;
				GCC_PREPROCESSOR_DEFINITIONS = (
					"DEBUG=1",
					"$(inherited)",
				);
				GCC_WARN_64_TO_32_BIT_CONVERSION = YES;
				GCC_WARN_ABOUT_RETURN_TYPE = YES_ERROR;
				GCC_WARN_UNDECLARED_SELECTOR = YES;
				GCC_WARN_UNINITIALIZED_AUTOS = YES_AGGRESSIVE;
				GCC_WARN_UNUSED_FUNCTION = YES;
				GCC_WARN_UNUSED_VARIABLE = YES;
				IPHONEOS_DEPLOYMENT_TARGET = 15.5;
				MTL_ENABLE_DEBUG_INFO = INCLUDE_SOURCE;
				MTL_FAST_MATH = YES;
				ONLY_ACTIVE_ARCH = YES;
				SDKROOT = iphoneos;
				SWIFT_ACTIVE_COMPILATION_CONDITIONS = DEBUG;
				SWIFT_OPTIMIZATION_LEVEL = "-Onone";
			};
			name = Debug;
		};
		622D08DA2AADEBD80079BDA4 /* Release */ = {
			isa = XCBuildConfiguration;
			buildSettings = {
				ALWAYS_SEARCH_USER_PATHS = NO;
				CLANG_ANALYZER_NONNULL = YES;
				CLANG_ANALYZER_NUMBER_OBJECT_CONVERSION = YES_AGGRESSIVE;
				CLANG_CXX_LANGUAGE_STANDARD = "gnu++17";
				CLANG_ENABLE_MODULES = YES;
				CLANG_ENABLE_OBJC_ARC = YES;
				CLANG_ENABLE_OBJC_WEAK = YES;
				CLANG_WARN_BLOCK_CAPTURE_AUTORELEASING = YES;
				CLANG_WARN_BOOL_CONVERSION = YES;
				CLANG_WARN_COMMA = YES;
				CLANG_WARN_CONSTANT_CONVERSION = YES;
				CLANG_WARN_DEPRECATED_OBJC_IMPLEMENTATIONS = YES;
				CLANG_WARN_DIRECT_OBJC_ISA_USAGE = YES_ERROR;
				CLANG_WARN_DOCUMENTATION_COMMENTS = YES;
				CLANG_WARN_EMPTY_BODY = YES;
				CLANG_WARN_ENUM_CONVERSION = YES;
				CLANG_WARN_INFINITE_RECURSION = YES;
				CLANG_WARN_INT_CONVERSION = YES;
				CLANG_WARN_NON_LITERAL_NULL_CONVERSION = YES;
				CLANG_WARN_OBJC_IMPLICIT_RETAIN_SELF = YES;
				CLANG_WARN_OBJC_LITERAL_CONVERSION = YES;
				CLANG_WARN_OBJC_ROOT_CLASS = YES_ERROR;
				CLANG_WARN_QUOTED_INCLUDE_IN_FRAMEWORK_HEADER = YES;
				CLANG_WARN_RANGE_LOOP_ANALYSIS = YES;
				CLANG_WARN_STRICT_PROTOTYPES = YES;
				CLANG_WARN_SUSPICIOUS_MOVE = YES;
				CLANG_WARN_UNGUARDED_AVAILABILITY = YES_AGGRESSIVE;
				CLANG_WARN_UNREACHABLE_CODE = YES;
				CLANG_WARN__DUPLICATE_METHOD_MATCH = YES;
				COPY_PHASE_STRIP = NO;
				DEBUG_INFORMATION_FORMAT = "dwarf-with-dsym";
				ENABLE_NS_ASSERTIONS = NO;
				ENABLE_STRICT_OBJC_MSGSEND = YES;
				GCC_C_LANGUAGE_STANDARD = gnu11;
				GCC_NO_COMMON_BLOCKS = YES;
				GCC_WARN_64_TO_32_BIT_CONVERSION = YES;
				GCC_WARN_ABOUT_RETURN_TYPE = YES_ERROR;
				GCC_WARN_UNDECLARED_SELECTOR = YES;
				GCC_WARN_UNINITIALIZED_AUTOS = YES_AGGRESSIVE;
				GCC_WARN_UNUSED_FUNCTION = YES;
				GCC_WARN_UNUSED_VARIABLE = YES;
				IPHONEOS_DEPLOYMENT_TARGET = 15.5;
				MTL_ENABLE_DEBUG_INFO = NO;
				MTL_FAST_MATH = YES;
				SDKROOT = iphoneos;
				SWIFT_COMPILATION_MODE = wholemodule;
				SWIFT_OPTIMIZATION_LEVEL = "-O";
				VALIDATE_PRODUCT = YES;
			};
			name = Release;
		};
		622D08DC2AADEBD80079BDA4 /* Debug */ = {
			isa = XCBuildConfiguration;
			buildSettings = {
				ASSETCATALOG_COMPILER_APPICON_NAME = AppIcon;
				ASSETCATALOG_COMPILER_GLOBAL_ACCENT_COLOR_NAME = AccentColor;
				CODE_SIGN_STYLE = Automatic;
				CURRENT_PROJECT_VERSION = 1;
				DEVELOPMENT_ASSET_PATHS = "\"SwiftUITutorialApple/Preview Content\"";
				DEVELOPMENT_TEAM = TT445G88U5;
				ENABLE_PREVIEWS = YES;
				GENERATE_INFOPLIST_FILE = YES;
				INFOPLIST_KEY_UIApplicationSceneManifest_Generation = YES;
				INFOPLIST_KEY_UIApplicationSupportsIndirectInputEvents = YES;
				INFOPLIST_KEY_UILaunchScreen_Generation = YES;
				INFOPLIST_KEY_UISupportedInterfaceOrientations_iPad = "UIInterfaceOrientationPortrait UIInterfaceOrientationPortraitUpsideDown UIInterfaceOrientationLandscapeLeft UIInterfaceOrientationLandscapeRight";
				INFOPLIST_KEY_UISupportedInterfaceOrientations_iPhone = "UIInterfaceOrientationPortrait UIInterfaceOrientationLandscapeLeft UIInterfaceOrientationLandscapeRight";
				LD_RUNPATH_SEARCH_PATHS = (
					"$(inherited)",
					"@executable_path/Frameworks",
				);
				MARKETING_VERSION = 1.0;
				PRODUCT_BUNDLE_IDENTIFIER = com.agawade.projects.SwiftUITutorialApple;
				PRODUCT_NAME = "$(TARGET_NAME)";
				SWIFT_EMIT_LOC_STRINGS = YES;
				SWIFT_VERSION = 5.0;
				TARGETED_DEVICE_FAMILY = "1,2";
			};
			name = Debug;
		};
		622D08DD2AADEBD80079BDA4 /* Release */ = {
			isa = XCBuildConfiguration;
			buildSettings = {
				ASSETCATALOG_COMPILER_APPICON_NAME = AppIcon;
				ASSETCATALOG_COMPILER_GLOBAL_ACCENT_COLOR_NAME = AccentColor;
				CODE_SIGN_STYLE = Automatic;
				CURRENT_PROJECT_VERSION = 1;
				DEVELOPMENT_ASSET_PATHS = "\"SwiftUITutorialApple/Preview Content\"";
				DEVELOPMENT_TEAM = TT445G88U5;
				ENABLE_PREVIEWS = YES;
				GENERATE_INFOPLIST_FILE = YES;
				INFOPLIST_KEY_UIApplicationSceneManifest_Generation = YES;
				INFOPLIST_KEY_UIApplicationSupportsIndirectInputEvents = YES;
				INFOPLIST_KEY_UILaunchScreen_Generation = YES;
				INFOPLIST_KEY_UISupportedInterfaceOrientations_iPad = "UIInterfaceOrientationPortrait UIInterfaceOrientationPortraitUpsideDown UIInterfaceOrientationLandscapeLeft UIInterfaceOrientationLandscapeRight";
				INFOPLIST_KEY_UISupportedInterfaceOrientations_iPhone = "UIInterfaceOrientationPortrait UIInterfaceOrientationLandscapeLeft UIInterfaceOrientationLandscapeRight";
				LD_RUNPATH_SEARCH_PATHS = (
					"$(inherited)",
					"@executable_path/Frameworks",
				);
				MARKETING_VERSION = 1.0;
				PRODUCT_BUNDLE_IDENTIFIER = com.agawade.projects.SwiftUITutorialApple;
				PRODUCT_NAME = "$(TARGET_NAME)";
				SWIFT_EMIT_LOC_STRINGS = YES;
				SWIFT_VERSION = 5.0;
				TARGETED_DEVICE_FAMILY = "1,2";
			};
			name = Release;
		};
		622D08DF2AADEBD80079BDA4 /* Debug */ = {
			isa = XCBuildConfiguration;
			buildSettings = {
				ALWAYS_EMBED_SWIFT_STANDARD_LIBRARIES = YES;
				BUNDLE_LOADER = "$(TEST_HOST)";
				CODE_SIGN_STYLE = Automatic;
				CURRENT_PROJECT_VERSION = 1;
				DEVELOPMENT_TEAM = BRS53SV7R8;
				GENERATE_INFOPLIST_FILE = YES;
				IPHONEOS_DEPLOYMENT_TARGET = 15.5;
				MARKETING_VERSION = 1.0;
				PRODUCT_BUNDLE_IDENTIFIER = com.agawade.projects.SwiftUITutorialAppleTests;
				PRODUCT_NAME = "$(TARGET_NAME)";
				SWIFT_EMIT_LOC_STRINGS = NO;
				SWIFT_VERSION = 5.0;
				TARGETED_DEVICE_FAMILY = "1,2";
				TEST_HOST = "$(BUILT_PRODUCTS_DIR)/SwiftUITutorialApple.app/SwiftUITutorialApple";
			};
			name = Debug;
		};
		622D08E02AADEBD80079BDA4 /* Release */ = {
			isa = XCBuildConfiguration;
			buildSettings = {
				ALWAYS_EMBED_SWIFT_STANDARD_LIBRARIES = YES;
				BUNDLE_LOADER = "$(TEST_HOST)";
				CODE_SIGN_STYLE = Automatic;
				CURRENT_PROJECT_VERSION = 1;
				DEVELOPMENT_TEAM = BRS53SV7R8;
				GENERATE_INFOPLIST_FILE = YES;
				IPHONEOS_DEPLOYMENT_TARGET = 15.5;
				MARKETING_VERSION = 1.0;
				PRODUCT_BUNDLE_IDENTIFIER = com.agawade.projects.SwiftUITutorialAppleTests;
				PRODUCT_NAME = "$(TARGET_NAME)";
				SWIFT_EMIT_LOC_STRINGS = NO;
				SWIFT_VERSION = 5.0;
				TARGETED_DEVICE_FAMILY = "1,2";
				TEST_HOST = "$(BUILT_PRODUCTS_DIR)/SwiftUITutorialApple.app/SwiftUITutorialApple";
			};
			name = Release;
		};
		622D08E22AADEBD80079BDA4 /* Debug */ = {
			isa = XCBuildConfiguration;
			buildSettings = {
				ALWAYS_EMBED_SWIFT_STANDARD_LIBRARIES = YES;
				CODE_SIGN_STYLE = Automatic;
				CURRENT_PROJECT_VERSION = 1;
				DEVELOPMENT_TEAM = BRS53SV7R8;
				GENERATE_INFOPLIST_FILE = YES;
				MARKETING_VERSION = 1.0;
				PRODUCT_BUNDLE_IDENTIFIER = com.agawade.projects.SwiftUITutorialAppleUITests;
				PRODUCT_NAME = "$(TARGET_NAME)";
				SWIFT_EMIT_LOC_STRINGS = NO;
				SWIFT_VERSION = 5.0;
				TARGETED_DEVICE_FAMILY = "1,2";
				TEST_TARGET_NAME = SwiftUITutorialApple;
			};
			name = Debug;
		};
		622D08E32AADEBD80079BDA4 /* Release */ = {
			isa = XCBuildConfiguration;
			buildSettings = {
				ALWAYS_EMBED_SWIFT_STANDARD_LIBRARIES = YES;
				CODE_SIGN_STYLE = Automatic;
				CURRENT_PROJECT_VERSION = 1;
				DEVELOPMENT_TEAM = BRS53SV7R8;
				GENERATE_INFOPLIST_FILE = YES;
				MARKETING_VERSION = 1.0;
				PRODUCT_BUNDLE_IDENTIFIER = com.agawade.projects.SwiftUITutorialAppleUITests;
				PRODUCT_NAME = "$(TARGET_NAME)";
				SWIFT_EMIT_LOC_STRINGS = NO;
				SWIFT_VERSION = 5.0;
				TARGETED_DEVICE_FAMILY = "1,2";
				TEST_TARGET_NAME = SwiftUITutorialApple;
			};
			name = Release;
		};
		62F686E12AB17D0D004EBDC5 /* Debug */ = {
			isa = XCBuildConfiguration;
			buildSettings = {
				ALWAYS_EMBED_SWIFT_STANDARD_LIBRARIES = YES;
				ASSETCATALOG_COMPILER_APPICON_NAME = AppIcon;
				ASSETCATALOG_COMPILER_GLOBAL_ACCENT_COLOR_NAME = AccentColor;
				CODE_SIGN_STYLE = Automatic;
				CURRENT_PROJECT_VERSION = 1;
				DEVELOPMENT_TEAM = BRS53SV7R8;
				GENERATE_INFOPLIST_FILE = YES;
				IBSC_MODULE = WatchSwiftUITutorialApple_WatchKit_Extension;
				INFOPLIST_KEY_CFBundleDisplayName = WatchSwiftUITutorialApple;
				INFOPLIST_KEY_UISupportedInterfaceOrientations = "UIInterfaceOrientationPortrait UIInterfaceOrientationPortraitUpsideDown";
				INFOPLIST_KEY_WKCompanionAppBundleIdentifier = com.agawade.projects.SwiftUITutorialApple;
				MARKETING_VERSION = 1.0;
				PRODUCT_BUNDLE_IDENTIFIER = com.agawade.projects.SwiftUITutorialApple.watchkitapp;
				PRODUCT_NAME = "$(TARGET_NAME)";
				SDKROOT = watchos;
				SKIP_INSTALL = YES;
				SWIFT_EMIT_LOC_STRINGS = YES;
				SWIFT_VERSION = 5.0;
				TARGETED_DEVICE_FAMILY = 4;
				WATCHOS_DEPLOYMENT_TARGET = 8.5;
			};
			name = Debug;
		};
		62F686E22AB17D0D004EBDC5 /* Release */ = {
			isa = XCBuildConfiguration;
			buildSettings = {
				ALWAYS_EMBED_SWIFT_STANDARD_LIBRARIES = YES;
				ASSETCATALOG_COMPILER_APPICON_NAME = AppIcon;
				ASSETCATALOG_COMPILER_GLOBAL_ACCENT_COLOR_NAME = AccentColor;
				CODE_SIGN_STYLE = Automatic;
				CURRENT_PROJECT_VERSION = 1;
				DEVELOPMENT_TEAM = BRS53SV7R8;
				GENERATE_INFOPLIST_FILE = YES;
				IBSC_MODULE = WatchSwiftUITutorialApple_WatchKit_Extension;
				INFOPLIST_KEY_CFBundleDisplayName = WatchSwiftUITutorialApple;
				INFOPLIST_KEY_UISupportedInterfaceOrientations = "UIInterfaceOrientationPortrait UIInterfaceOrientationPortraitUpsideDown";
				INFOPLIST_KEY_WKCompanionAppBundleIdentifier = com.agawade.projects.SwiftUITutorialApple;
				MARKETING_VERSION = 1.0;
				PRODUCT_BUNDLE_IDENTIFIER = com.agawade.projects.SwiftUITutorialApple.watchkitapp;
				PRODUCT_NAME = "$(TARGET_NAME)";
				SDKROOT = watchos;
				SKIP_INSTALL = YES;
				SWIFT_EMIT_LOC_STRINGS = YES;
				SWIFT_VERSION = 5.0;
				TARGETED_DEVICE_FAMILY = 4;
				WATCHOS_DEPLOYMENT_TARGET = 8.5;
			};
			name = Release;
		};
		62F686E42AB17D0D004EBDC5 /* Debug */ = {
			isa = XCBuildConfiguration;
			buildSettings = {
				ASSETCATALOG_COMPILER_COMPLICATION_NAME = Complication;
				CODE_SIGN_STYLE = Automatic;
				CURRENT_PROJECT_VERSION = 1;
				DEVELOPMENT_ASSET_PATHS = "\"WatchSwiftUITutorialApple WatchKit Extension/Preview Content\"";
				DEVELOPMENT_TEAM = BRS53SV7R8;
				ENABLE_PREVIEWS = YES;
				GENERATE_INFOPLIST_FILE = YES;
				INFOPLIST_FILE = "WatchSwiftUITutorialApple WatchKit Extension/Info.plist";
				INFOPLIST_KEY_CFBundleDisplayName = "WatchSwiftUITutorialApple WatchKit Extension";
				INFOPLIST_KEY_CLKComplicationPrincipalClass = WatchSwiftUITutorialApple_WatchKit_Extension.ComplicationController;
				INFOPLIST_KEY_NSHumanReadableCopyright = "";
				INFOPLIST_KEY_WKRunsIndependentlyOfCompanionApp = YES;
				LD_RUNPATH_SEARCH_PATHS = (
					"$(inherited)",
					"@executable_path/Frameworks",
					"@executable_path/../../Frameworks",
				);
				MARKETING_VERSION = 1.0;
				PRODUCT_BUNDLE_IDENTIFIER = com.agawade.projects.SwiftUITutorialApple.watchkitapp.watchkitextension;
				PRODUCT_NAME = "${TARGET_NAME}";
				SDKROOT = watchos;
				SKIP_INSTALL = YES;
				SWIFT_EMIT_LOC_STRINGS = YES;
				SWIFT_VERSION = 5.0;
				TARGETED_DEVICE_FAMILY = 4;
				WATCHOS_DEPLOYMENT_TARGET = 8.5;
			};
			name = Debug;
		};
		62F686E52AB17D0D004EBDC5 /* Release */ = {
			isa = XCBuildConfiguration;
			buildSettings = {
				ASSETCATALOG_COMPILER_COMPLICATION_NAME = Complication;
				CODE_SIGN_STYLE = Automatic;
				CURRENT_PROJECT_VERSION = 1;
				DEVELOPMENT_ASSET_PATHS = "\"WatchSwiftUITutorialApple WatchKit Extension/Preview Content\"";
				DEVELOPMENT_TEAM = BRS53SV7R8;
				ENABLE_PREVIEWS = YES;
				GENERATE_INFOPLIST_FILE = YES;
				INFOPLIST_FILE = "WatchSwiftUITutorialApple WatchKit Extension/Info.plist";
				INFOPLIST_KEY_CFBundleDisplayName = "WatchSwiftUITutorialApple WatchKit Extension";
				INFOPLIST_KEY_CLKComplicationPrincipalClass = WatchSwiftUITutorialApple_WatchKit_Extension.ComplicationController;
				INFOPLIST_KEY_NSHumanReadableCopyright = "";
				INFOPLIST_KEY_WKRunsIndependentlyOfCompanionApp = YES;
				LD_RUNPATH_SEARCH_PATHS = (
					"$(inherited)",
					"@executable_path/Frameworks",
					"@executable_path/../../Frameworks",
				);
				MARKETING_VERSION = 1.0;
				PRODUCT_BUNDLE_IDENTIFIER = com.agawade.projects.SwiftUITutorialApple.watchkitapp.watchkitextension;
				PRODUCT_NAME = "${TARGET_NAME}";
				SDKROOT = watchos;
				SKIP_INSTALL = YES;
				SWIFT_EMIT_LOC_STRINGS = YES;
				SWIFT_VERSION = 5.0;
				TARGETED_DEVICE_FAMILY = 4;
				WATCHOS_DEPLOYMENT_TARGET = 8.5;
			};
			name = Release;
		};
/* End XCBuildConfiguration section */

/* Begin XCConfigurationList section */
		622D08B22AADEBD60079BDA4 /* Build configuration list for PBXProject "SwiftUITutorialApple" */ = {
			isa = XCConfigurationList;
			buildConfigurations = (
				622D08D92AADEBD80079BDA4 /* Debug */,
				622D08DA2AADEBD80079BDA4 /* Release */,
			);
			defaultConfigurationIsVisible = 0;
			defaultConfigurationName = Release;
		};
		622D08DB2AADEBD80079BDA4 /* Build configuration list for PBXNativeTarget "SwiftUITutorialApple" */ = {
			isa = XCConfigurationList;
			buildConfigurations = (
				622D08DC2AADEBD80079BDA4 /* Debug */,
				622D08DD2AADEBD80079BDA4 /* Release */,
			);
			defaultConfigurationIsVisible = 0;
			defaultConfigurationName = Release;
		};
		622D08DE2AADEBD80079BDA4 /* Build configuration list for PBXNativeTarget "SwiftUITutorialAppleTests" */ = {
			isa = XCConfigurationList;
			buildConfigurations = (
				622D08DF2AADEBD80079BDA4 /* Debug */,
				622D08E02AADEBD80079BDA4 /* Release */,
			);
			defaultConfigurationIsVisible = 0;
			defaultConfigurationName = Release;
		};
		622D08E12AADEBD80079BDA4 /* Build configuration list for PBXNativeTarget "SwiftUITutorialAppleUITests" */ = {
			isa = XCConfigurationList;
			buildConfigurations = (
				622D08E22AADEBD80079BDA4 /* Debug */,
				622D08E32AADEBD80079BDA4 /* Release */,
			);
			defaultConfigurationIsVisible = 0;
			defaultConfigurationName = Release;
		};
		62F686E62AB17D0D004EBDC5 /* Build configuration list for PBXNativeTarget "WatchSwiftUITutorialApple WatchKit Extension" */ = {
			isa = XCConfigurationList;
			buildConfigurations = (
				62F686E42AB17D0D004EBDC5 /* Debug */,
				62F686E52AB17D0D004EBDC5 /* Release */,
			);
			defaultConfigurationIsVisible = 0;
			defaultConfigurationName = Release;
		};
		62F686E72AB17D0D004EBDC5 /* Build configuration list for PBXNativeTarget "WatchSwiftUITutorialApple" */ = {
			isa = XCConfigurationList;
			buildConfigurations = (
				62F686E12AB17D0D004EBDC5 /* Debug */,
				62F686E22AB17D0D004EBDC5 /* Release */,
			);
			defaultConfigurationIsVisible = 0;
			defaultConfigurationName = Release;
		};
/* End XCConfigurationList section */
	};
	rootObject = 622D08AF2AADEBD60079BDA4 /* Project object */;
}
